
Microsoft Visual Studio Solution File, Format Version 12.00
# Visual Studio Version 17
VisualStudioVersion = 17.0.31903.59
MinimumVisualStudioVersion = 10.0.40219.1
Project("{2150E333-8FDC-42A3-9474-1A3956D46DE8}") = "framework", "framework", "{9A0CCAB9-4303-13B4-2371-F1B97FF5B728}"
EndProject
Project("{2150E333-8FDC-42A3-9474-1A3956D46DE8}") = "src", "src", "{ACAFF227-C307-C93B-24FB-255AEFB27327}"
EndProject
Project("{FAE04EC0-301F-11D3-BF4B-00C04F79EFBC}") = "Aviendha.Core", "framework\src\Aviendha\Aviendha.Core.csproj", "{AA0000D6-7F5D-4891-BC13-BFAE7BDA3F86}"
EndProject
Project("{FAE04EC0-301F-11D3-BF4B-00C04F79EFBC}") = "Aviendha.Ddd.Domain", "framework\src\Aviendha.Ddd.Domain\Aviendha.Ddd.Domain.csproj", "{8A7CE0F7-4089-4D1B-840A-3F07F995A0E1}"
EndProject
Project("{FAE04EC0-301F-11D3-BF4B-00C04F79EFBC}") = "Aviendha.Emailing", "framework\src\Aviendha.Emailing\Aviendha.Emailing.csproj", "{2C3A69F7-E199-48AC-91FA-6CAED3DB4C10}"
EndProject
Project("{FAE04EC0-301F-11D3-BF4B-00C04F79EFBC}") = "Aviendha.EntityFrameworkCore", "framework\src\Aviendha.EntityFrameworkCore\Aviendha.EntityFrameworkCore.csproj", "{286C94C8-800A-468B-A953-FD0AFAD4941F}"
EndProject
Project("{FAE04EC0-301F-11D3-BF4B-00C04F79EFBC}") = "Aviendha.Hosting", "framework\src\Aviendha.Hosting\Aviendha.Hosting.csproj", "{2BA19C65-CD58-4DE1-9AC6-B2CFF1FE578B}"
EndProject
Project("{FAE04EC0-301F-11D3-BF4B-00C04F79EFBC}") = "Aviendha.IdGeneration", "framework\src\Aviendha.IdGeneration\Aviendha.IdGeneration.csproj", "{433931D1-53B8-4B75-A8A1-7B617C09E7D1}"
EndProject
Project("{FAE04EC0-301F-11D3-BF4B-00C04F79EFBC}") = "Aviendha.Logging", "framework\src\Aviendha.Logging\Aviendha.Logging.csproj", "{A3272638-99DE-4AA8-B35E-63390133975A}"
EndProject
Project("{FAE04EC0-301F-11D3-BF4B-00C04F79EFBC}") = "Aviendha.Logging.Hosting", "framework\src\Aviendha.Logging.Hosting\Aviendha.Logging.Hosting.csproj", "{FEBA8EE5-37C5-47CF-8543-DEC9BCF9A769}"
EndProject
Project("{FAE04EC0-301F-11D3-BF4B-00C04F79EFBC}") = "Aviendha.Logging.WebAssembly", "framework\src\Aviendha.Logging.WebAssembly\Aviendha.Logging.WebAssembly.csproj", "{763691FA-5CCF-4BD4-B08D-C4E726424047}"
EndProject
Project("{FAE04EC0-301F-11D3-BF4B-00C04F79EFBC}") = "Aviendha.OpenApi", "framework\src\Aviendha.OpenApi\Aviendha.OpenApi.csproj", "{FDF02BD3-013A-4754-9EDA-4273F376F329}"
EndProject
Project("{FAE04EC0-301F-11D3-BF4B-00C04F79EFBC}") = "Aviendha.OpenIddict", "framework\src\Aviendha.OpenIddict\Aviendha.OpenIddict.csproj", "{430DFA16-5C47-4B3A-A4C0-9F7DD31A4BC1}"
EndProject
Project("{FAE04EC0-301F-11D3-BF4B-00C04F79EFBC}") = "Aviendha.Security", "framework\src\Aviendha.Security\Aviendha.Security.csproj", "{0096FC3C-CE3D-4956-A2BC-83C3058C326A}"
EndProject
Project("{2150E333-8FDC-42A3-9474-1A3956D46DE8}") = "test", "test", "{C44F925E-10D8-C6BB-83D5-E731E431D9E2}"
EndProject
Project("{FAE04EC0-301F-11D3-BF4B-00C04F79EFBC}") = "Aviendha.Ddd.Domain.Tests", "framework\test\Aviendha.Ddd.Domain.Tests\Aviendha.Ddd.Domain.Tests.csproj", "{F0BF90CD-5224-455C-8E4C-94DD05DB08F0}"
EndProject
Project("{FAE04EC0-301F-11D3-BF4B-00C04F79EFBC}") = "Aviendha.Emailing.Tests", "framework\test\Aviendha.Emailing.Tests\Aviendha.Emailing.Tests.csproj", "{BC1DB9FB-4E43-47BC-9530-B33073C0F07F}"
EndProject
Project("{FAE04EC0-301F-11D3-BF4B-00C04F79EFBC}") = "Aviendha.TestBase", "framework\test\Aviendha.TestBase\Aviendha.TestBase.csproj", "{CCA66D27-FE0E-443F-8CB0-194CD37B8B4F}"
EndProject
Project("{FAE04EC0-301F-11D3-BF4B-00C04F79EFBC}") = "Aviendha.Tests", "framework\test\Aviendha.Tests\Aviendha.Tests.csproj", "{6E940664-DEDA-40F7-BAD4-F3BE6F29ECA1}"
EndProject
Project("{2150E333-8FDC-42A3-9474-1A3956D46DE8}") = "modules", "modules", "{CA253913-39DE-BFD0-C9A3-4B7EC6FBDF17}"
EndProject
Project("{2150E333-8FDC-42A3-9474-1A3956D46DE8}") = "BillingManagement", "BillingManagement", "{4C8C7D09-8AAC-9459-956E-52CD45375026}"
EndProject
Project("{2150E333-8FDC-42A3-9474-1A3956D46DE8}") = "host", "host", "{DC719B0E-877D-8302-6E58-5B73CF9F8DF7}"
EndProject
Project("{FAE04EC0-301F-11D3-BF4B-00C04F79EFBC}") = "Aviendha.BillingManagement.AuthServer", "modules\BillingManagement\host\Aviendha.BillingManagement.AuthServer\Aviendha.BillingManagement.AuthServer.csproj", "{403A6035-1E54-4DB1-B2C1-23CA5811D441}"
EndProject
Project("{FAE04EC0-301F-11D3-BF4B-00C04F79EFBC}") = "Aviendha.BillingManagement.Blazor.Host", "modules\BillingManagement\host\Aviendha.BillingManagement.Blazor.Host\Aviendha.BillingManagement.Blazor.Host.csproj", "{4427589B-C990-4C82-B21D-2CA255EBBB26}"
EndProject
Project("{FAE04EC0-301F-11D3-BF4B-00C04F79EFBC}") = "Aviendha.BillingManagement.Blazor.Host.Client", "modules\BillingManagement\host\Aviendha.BillingManagement.Blazor.Host.Client\Aviendha.BillingManagement.Blazor.Host.Client.csproj", "{BAE2C6F5-7F8D-4410-96B6-241F03D6D133}"
EndProject
Project("{FAE04EC0-301F-11D3-BF4B-00C04F79EFBC}") = "Aviendha.BillingManagement.Blazor.Server.Host", "modules\BillingManagement\host\Aviendha.BillingManagement.Blazor.Server.Host\Aviendha.BillingManagement.Blazor.Server.Host.csproj", "{0F3F0A1B-9283-4BEC-886A-05052CF63CDD}"
EndProject
Project("{FAE04EC0-301F-11D3-BF4B-00C04F79EFBC}") = "Aviendha.BillingManagement.Host.Shared", "modules\BillingManagement\host\Aviendha.BillingManagement.Host.Shared\Aviendha.BillingManagement.Host.Shared.csproj", "{727CC75A-1429-4148-AC96-A096C5ACC1B4}"
EndProject
Project("{FAE04EC0-301F-11D3-BF4B-00C04F79EFBC}") = "Aviendha.BillingManagement.HttpApi.Host", "modules\BillingManagement\host\Aviendha.BillingManagement.HttpApi.Host\Aviendha.BillingManagement.HttpApi.Host.csproj", "{DF781D9A-FD32-4A6B-B926-7BD34F974F06}"
EndProject
Project("{2150E333-8FDC-42A3-9474-1A3956D46DE8}") = "src", "src", "{15768E24-842B-988C-61B4-ABD1388C9B7E}"
EndProject
Project("{FAE04EC0-301F-11D3-BF4B-00C04F79EFBC}") = "Aviendha.BillingManagement.Application", "modules\BillingManagement\src\Aviendha.BillingManagement.Application\Aviendha.BillingManagement.Application.csproj", "{3C1C226E-3A47-48F7-93C0-1AD160F63356}"
EndProject
Project("{FAE04EC0-301F-11D3-BF4B-00C04F79EFBC}") = "Aviendha.BillingManagement.Application.Contracts", "modules\BillingManagement\src\Aviendha.BillingManagement.Application.Contracts\Aviendha.BillingManagement.Application.Contracts.csproj", "{5C8FEFE6-98A2-4DA2-BED0-E3493686B580}"
EndProject
Project("{FAE04EC0-301F-11D3-BF4B-00C04F79EFBC}") = "Aviendha.BillingManagement.Blazor", "modules\BillingManagement\src\Aviendha.BillingManagement.Blazor\Aviendha.BillingManagement.Blazor.csproj", "{CBD9E959-A523-4F54-909F-3DEE059C2C1A}"
EndProject
Project("{FAE04EC0-301F-11D3-BF4B-00C04F79EFBC}") = "Aviendha.BillingManagement.Blazor.Server", "modules\BillingManagement\src\Aviendha.BillingManagement.Blazor.Server\Aviendha.BillingManagement.Blazor.Server.csproj", "{86E4666A-6360-49A7-851D-34F2FCEC761D}"
EndProject
Project("{FAE04EC0-301F-11D3-BF4B-00C04F79EFBC}") = "Aviendha.BillingManagement.Blazor.WebAssembly", "modules\BillingManagement\src\Aviendha.BillingManagement.Blazor.WebAssembly\Aviendha.BillingManagement.Blazor.WebAssembly.csproj", "{ECF4AE98-ED0A-4BF0-A54A-AE023FC24AED}"
EndProject
Project("{FAE04EC0-301F-11D3-BF4B-00C04F79EFBC}") = "Aviendha.BillingManagement.Blazor.WebAssembly.Bundling", "modules\BillingManagement\src\Aviendha.BillingManagement.Blazor.WebAssembly.Bundling\Aviendha.BillingManagement.Blazor.WebAssembly.Bundling.csproj", "{193B7214-BCAA-40E5-9B14-1F429FC1C56C}"
EndProject
Project("{FAE04EC0-301F-11D3-BF4B-00C04F79EFBC}") = "Aviendha.BillingManagement.Domain", "modules\BillingManagement\src\Aviendha.BillingManagement.Domain\Aviendha.BillingManagement.Domain.csproj", "{12977109-6E41-4568-A6DE-F87FEC86974C}"
EndProject
Project("{FAE04EC0-301F-11D3-BF4B-00C04F79EFBC}") = "Aviendha.BillingManagement.Domain.Shared", "modules\BillingManagement\src\Aviendha.BillingManagement.Domain.Shared\Aviendha.BillingManagement.Domain.Shared.csproj", "{B53B7E67-8642-4B48-A5DC-9007C4433765}"
EndProject
Project("{FAE04EC0-301F-11D3-BF4B-00C04F79EFBC}") = "Aviendha.BillingManagement.EntityFrameworkCore", "modules\BillingManagement\src\Aviendha.BillingManagement.EntityFrameworkCore\Aviendha.BillingManagement.EntityFrameworkCore.csproj", "{37011AA8-74CA-4124-AE3D-5AEE67A9F1F5}"
EndProject
Project("{FAE04EC0-301F-11D3-BF4B-00C04F79EFBC}") = "Aviendha.BillingManagement.EntityFrameworkCore.SqlServer", "modules\BillingManagement\src\Aviendha.BillingManagement.EntityFrameworkCore.SqlServer\Aviendha.BillingManagement.EntityFrameworkCore.SqlServer.csproj", "{20B608E2-F461-46C3-9D5A-9B4422A1BF25}"
EndProject
Project("{FAE04EC0-301F-11D3-BF4B-00C04F79EFBC}") = "Aviendha.BillingManagement.HttpApi", "modules\BillingManagement\src\Aviendha.BillingManagement.HttpApi\Aviendha.BillingManagement.HttpApi.csproj", "{9C551B1B-5425-4E6F-A3CD-9F0C2A695938}"
EndProject
Project("{FAE04EC0-301F-11D3-BF4B-00C04F79EFBC}") = "Aviendha.BillingManagement.HttpApi.Client", "modules\BillingManagement\src\Aviendha.BillingManagement.HttpApi.Client\Aviendha.BillingManagement.HttpApi.Client.csproj", "{AAEFC34D-93AB-40C6-99F4-1D69AF542DDF}"
EndProject
Project("{2150E333-8FDC-42A3-9474-1A3956D46DE8}") = "test", "test", "{EADBAF5F-07F6-D7B9-8C9D-B4291B9B0FDC}"
EndProject
Project("{FAE04EC0-301F-11D3-BF4B-00C04F79EFBC}") = "Aviendha.BillingManagement.Application.Tests", "modules\BillingManagement\test\Aviendha.BillingManagement.Application.Tests\Aviendha.BillingManagement.Application.Tests.csproj", "{10A34DBE-9D95-416A-8442-BFAD876F7BEB}"
EndProject
Project("{FAE04EC0-301F-11D3-BF4B-00C04F79EFBC}") = "Aviendha.BillingManagement.Domain.Tests", "modules\BillingManagement\test\Aviendha.BillingManagement.Domain.Tests\Aviendha.BillingManagement.Domain.Tests.csproj", "{6B74BCF5-21DB-4EC3-AA5C-E77A8759A4A4}"
EndProject
Project("{FAE04EC0-301F-11D3-BF4B-00C04F79EFBC}") = "Aviendha.BillingManagement.EntityFrameworkCore.Tests", "modules\BillingManagement\test\Aviendha.BillingManagement.EntityFrameworkCore.Tests\Aviendha.BillingManagement.EntityFrameworkCore.Tests.csproj", "{68231AA8-0282-4CA0-8B09-E8F47DBDA5FB}"
EndProject
Project("{FAE04EC0-301F-11D3-BF4B-00C04F79EFBC}") = "Aviendha.BillingManagement.TestBase", "modules\BillingManagement\test\Aviendha.BillingManagement.TestBase\Aviendha.BillingManagement.TestBase.csproj", "{BC7A7CAB-7921-4812-8D8B-4CBBC7B31CF4}"
EndProject
Project("{2150E333-8FDC-42A3-9474-1A3956D46DE8}") = "MailingListManagement", "MailingListManagement", "{3B0752B0-5730-F163-17C2-3F122A63EAAD}"
EndProject
Project("{2150E333-8FDC-42A3-9474-1A3956D46DE8}") = "src", "src", "{9FE7F41F-9F01-28E1-EC44-94D1AD9E4998}"
EndProject
Project("{FAE04EC0-301F-11D3-BF4B-00C04F79EFBC}") = "Aviendha.MailingListManagement.Application", "modules\MailingListManagement\src\Aviendha.MailingListManagement.Application\Aviendha.MailingListManagement.Application.csproj", "{BB6EEF56-C1A7-41EF-B241-0A5A3DB575B1}"
EndProject
Project("{FAE04EC0-301F-11D3-BF4B-00C04F79EFBC}") = "Aviendha.MailingListManagement.Application.Contracts", "modules\MailingListManagement\src\Aviendha.MailingListManagement.Application.Contracts\Aviendha.MailingListManagement.Application.Contracts.csproj", "{8FC2C145-7271-47C4-9FA0-C6CB5AD72C94}"
EndProject
Project("{FAE04EC0-301F-11D3-BF4B-00C04F79EFBC}") = "Aviendha.MailingListManagement.Domain", "modules\MailingListManagement\src\Aviendha.MailingListManagement.Domain\Aviendha.MailingListManagement.Domain.csproj", "{18292C60-D56C-4B02-A0A2-790DC0133C17}"
EndProject
Project("{FAE04EC0-301F-11D3-BF4B-00C04F79EFBC}") = "Aviendha.MailingListManagement.Domain.Shared", "modules\MailingListManagement\src\Aviendha.MailingListManagement.Domain.Shared\Aviendha.MailingListManagement.Domain.Shared.csproj", "{7A60A147-8ECA-441C-8B16-F7CF85F7D298}"
EndProject
Project("{FAE04EC0-301F-11D3-BF4B-00C04F79EFBC}") = "Aviendha.MailingListManagement.EntityFrameworkCore", "modules\MailingListManagement\src\Aviendha.MailingListManagement.EntityFrameworkCore\Aviendha.MailingListManagement.EntityFrameworkCore.csproj", "{924F06BA-847C-4CA9-A0C8-ADE85F516E68}"
EndProject
Project("{FAE04EC0-301F-11D3-BF4B-00C04F79EFBC}") = "Aviendha.MailingListManagement.HttpApi", "modules\MailingListManagement\src\Aviendha.MailingListManagement.HttpApi\Aviendha.MailingListManagement.HttpApi.csproj", "{CD723C70-5962-46E0-9E59-405E8CA436CD}"
EndProject
Project("{FAE04EC0-301F-11D3-BF4B-00C04F79EFBC}") = "Aviendha.MailingListManagement.HttpApi.Client", "modules\MailingListManagement\src\Aviendha.MailingListManagement.HttpApi.Client\Aviendha.MailingListManagement.HttpApi.Client.csproj", "{E56899FC-0EF4-44F0-9F73-70A103C7C802}"
EndProject
Project("{FAE04EC0-301F-11D3-BF4B-00C04F79EFBC}") = "Aviendha.MailingListManagement.Listmonk", "modules\MailingListManagement\src\Aviendha.MailingListManagement.Listmonk\Aviendha.MailingListManagement.Listmonk.csproj", "{BE5F016F-E09D-4DB1-8A23-8E89B68E569E}"
EndProject
Project("{FAE04EC0-301F-11D3-BF4B-00C04F79EFBC}") = "Aviendha.MailingListManagement.Mailchmip", "modules\MailingListManagement\src\Aviendha.MailingListManagement.Mailchmip\Aviendha.MailingListManagement.Mailchmip.csproj", "{8BE93322-BE97-4AFE-8DA1-32E2DCCFA5AA}"
EndProject
Project("{FAE04EC0-301F-11D3-BF4B-00C04F79EFBC}") = "Aviendha.MailingListManagement.MongoDB", "modules\MailingListManagement\src\Aviendha.MailingListManagement.MongoDB\Aviendha.MailingListManagement.MongoDB.csproj", "{436F0F5D-62C1-411E-9F7A-B332CEC52215}"
EndProject
Project("{2150E333-8FDC-42A3-9474-1A3956D46DE8}") = "test", "test", "{BF8F20DA-9A21-5FFF-67A8-BEDDEE03C40F}"
EndProject
Project("{FAE04EC0-301F-11D3-BF4B-00C04F79EFBC}") = "Aviendha.MailingListManagement.Application.Tests", "modules\MailingListManagement\test\Aviendha.MailingListManagement.Application.Tests\Aviendha.MailingListManagement.Application.Tests.csproj", "{D2468149-C212-49E3-B6DE-FADF77C03970}"
EndProject
Project("{FAE04EC0-301F-11D3-BF4B-00C04F79EFBC}") = "Aviendha.MailingListManagement.Domain.Tests", "modules\MailingListManagement\test\Aviendha.MailingListManagement.Domain.Tests\Aviendha.MailingListManagement.Domain.Tests.csproj", "{AFAA8F11-0BE4-45BE-AB1D-CDF2FDF23242}"
EndProject
Project("{FAE04EC0-301F-11D3-BF4B-00C04F79EFBC}") = "Aviendha.MailingListManagement.EntityFrameworkCore.Tests", "modules\MailingListManagement\test\Aviendha.MailingListManagement.EntityFrameworkCore.Tests\Aviendha.MailingListManagement.EntityFrameworkCore.Tests.csproj", "{B5DB2C4B-0214-4AE9-ABB5-8788F2139B8E}"
EndProject
Project("{FAE04EC0-301F-11D3-BF4B-00C04F79EFBC}") = "Aviendha.MailingListManagement.MongoDB.Tests", "modules\MailingListManagement\test\Aviendha.MailingListManagement.MongoDB.Tests\Aviendha.MailingListManagement.MongoDB.Tests.csproj", "{6467F735-9D0D-493F-A7A8-BB4A5C346136}"
EndProject
Project("{FAE04EC0-301F-11D3-BF4B-00C04F79EFBC}") = "Aviendha.MailingListManagement.TestBase", "modules\MailingListManagement\test\Aviendha.MailingListManagement.TestBase\Aviendha.MailingListManagement.TestBase.csproj", "{1A220F68-2D15-49CC-A0AA-95241BC3097E}"
EndProject
Project("{FAE04EC0-301F-11D3-BF4B-00C04F79EFBC}") = "Aviendha.Microservices", "framework\src\Aviendha.Microservices\Aviendha.Microservices.csproj", "{D4C6F4F9-E536-4F6C-A6A8-8B1714DB4D6F}"
EndProject
Project("{2150E333-8FDC-42A3-9474-1A3956D46DE8}") = ".env", ".env", "{8EC462FD-D22E-90A8-E5CE-7E832BA40C5D}"
	ProjectSection(SolutionItems) = preProject
		.editorconfig = .editorconfig
		.gitattributes = .gitattributes
		.gitignore = .gitignore
		.prettierrc = .prettierrc
		aviendha.png = aviendha.png
		clean.ps1 = clean.ps1
		CODE_OF_CONDUCT.md = CODE_OF_CONDUCT.md
		CONTRIBUTING.md = CONTRIBUTING.md
		Directory.Build.props = Directory.Build.props
		Directory.Packages.props = Directory.Packages.props
		LICENSE.md = LICENSE.md
		push.ps1 = push.ps1
		README.md = README.md
		update-sln.ps1 = update-sln.ps1
		version.json = version.json
	EndProjectSection
EndProject
Project("{FAE04EC0-301F-11D3-BF4B-00C04F79EFBC}") = "Aviendha.Ddd.Domain.Shared", "framework\src\Aviendha.Ddd.Domain.Shared\Aviendha.Ddd.Domain.Shared.csproj", "{A9CD2E7C-37DB-4492-8284-2156564E8658}"
EndProject
Project("{FAE04EC0-301F-11D3-BF4B-00C04F79EFBC}") = "Aviendha.Ddd.Application.Contracts", "framework\src\Aviendha.Ddd.Application.Contracts\Aviendha.Ddd.Application.Contracts.csproj", "{5CA8A63A-4A6B-44D4-0B77-2FE3EE4AC5A1}"
EndProject
Project("{FAE04EC0-301F-11D3-BF4B-00C04F79EFBC}") = "Aviendha.Ddd.Application", "framework\src\Aviendha.Ddd.Application\Aviendha.Ddd.Application.csproj", "{98D80CCC-CE9A-442A-8EE0-7204BA6204A0}"
EndProject
Project("{2150E333-8FDC-42A3-9474-1A3956D46DE8}") = ".github", ".github", "{02EA681E-C7D8-13C7-8484-4AC65E1B71E8}"
EndProject
Project("{2150E333-8FDC-42A3-9474-1A3956D46DE8}") = "docs", "docs", "{DE6A9CE1-E8FB-4B48-BFD8-E877DFE3EBF0}"
	ProjectSection(SolutionItems) = preProject
		docs\guidelines.md = docs\guidelines.md
		docs\release-process.md = docs\release-process.md
		docs\task-specific-guidance.md = docs\task-specific-guidance.md
	EndProjectSection
EndProject
Project("{2150E333-8FDC-42A3-9474-1A3956D46DE8}") = "scripts", "scripts", "{9379E482-1742-412C-8DAF-E045830EAB88}"
	ProjectSection(SolutionItems) = preProject
		scripts\release.ps1 = scripts\release.ps1
		scripts\TagRelease.ps1 = scripts\TagRelease.ps1
	EndProjectSection
EndProject
Project("{2150E333-8FDC-42A3-9474-1A3956D46DE8}") = "workflows", "workflows", "{43341327-862F-4BE3-A915-D7B45F36E98F}"
	ProjectSection(SolutionItems) = preProject
		.github\workflows\ci.yml = .github\workflows\ci.yml
		.github\workflows\manual-preview.yml = .github\workflows\manual-preview.yml
	EndProjectSection
EndProject
Global
	GlobalSection(SolutionConfigurationPlatforms) = preSolution
		Debug|Any CPU = Debug|Any CPU
		Debug|x64 = Debug|x64
		Debug|x86 = Debug|x86
		Release|Any CPU = Release|Any CPU
		Release|x64 = Release|x64
		Release|x86 = Release|x86
	EndGlobalSection
	GlobalSection(ProjectConfigurationPlatforms) = postSolution
		{AA0000D6-7F5D-4891-BC13-BFAE7BDA3F86}.Debug|Any CPU.ActiveCfg = Debug|Any CPU
		{AA0000D6-7F5D-4891-BC13-BFAE7BDA3F86}.Debug|Any CPU.Build.0 = Debug|Any CPU
		{AA0000D6-7F5D-4891-BC13-BFAE7BDA3F86}.Debug|x64.ActiveCfg = Debug|Any CPU
		{AA0000D6-7F5D-4891-BC13-BFAE7BDA3F86}.Debug|x64.Build.0 = Debug|Any CPU
		{AA0000D6-7F5D-4891-BC13-BFAE7BDA3F86}.Debug|x86.ActiveCfg = Debug|Any CPU
		{AA0000D6-7F5D-4891-BC13-BFAE7BDA3F86}.Debug|x86.Build.0 = Debug|Any CPU
		{AA0000D6-7F5D-4891-BC13-BFAE7BDA3F86}.Release|Any CPU.ActiveCfg = Release|Any CPU
		{AA0000D6-7F5D-4891-BC13-BFAE7BDA3F86}.Release|Any CPU.Build.0 = Release|Any CPU
		{AA0000D6-7F5D-4891-BC13-BFAE7BDA3F86}.Release|x64.ActiveCfg = Release|Any CPU
		{AA0000D6-7F5D-4891-BC13-BFAE7BDA3F86}.Release|x64.Build.0 = Release|Any CPU
		{AA0000D6-7F5D-4891-BC13-BFAE7BDA3F86}.Release|x86.ActiveCfg = Release|Any CPU
		{AA0000D6-7F5D-4891-BC13-BFAE7BDA3F86}.Release|x86.Build.0 = Release|Any CPU
		{8A7CE0F7-4089-4D1B-840A-3F07F995A0E1}.Debug|Any CPU.ActiveCfg = Debug|Any CPU
		{8A7CE0F7-4089-4D1B-840A-3F07F995A0E1}.Debug|Any CPU.Build.0 = Debug|Any CPU
		{8A7CE0F7-4089-4D1B-840A-3F07F995A0E1}.Debug|x64.ActiveCfg = Debug|Any CPU
		{8A7CE0F7-4089-4D1B-840A-3F07F995A0E1}.Debug|x64.Build.0 = Debug|Any CPU
		{8A7CE0F7-4089-4D1B-840A-3F07F995A0E1}.Debug|x86.ActiveCfg = Debug|Any CPU
		{8A7CE0F7-4089-4D1B-840A-3F07F995A0E1}.Debug|x86.Build.0 = Debug|Any CPU
		{8A7CE0F7-4089-4D1B-840A-3F07F995A0E1}.Release|Any CPU.ActiveCfg = Release|Any CPU
		{8A7CE0F7-4089-4D1B-840A-3F07F995A0E1}.Release|Any CPU.Build.0 = Release|Any CPU
		{8A7CE0F7-4089-4D1B-840A-3F07F995A0E1}.Release|x64.ActiveCfg = Release|Any CPU
		{8A7CE0F7-4089-4D1B-840A-3F07F995A0E1}.Release|x64.Build.0 = Release|Any CPU
		{8A7CE0F7-4089-4D1B-840A-3F07F995A0E1}.Release|x86.ActiveCfg = Release|Any CPU
		{8A7CE0F7-4089-4D1B-840A-3F07F995A0E1}.Release|x86.Build.0 = Release|Any CPU
		{2C3A69F7-E199-48AC-91FA-6CAED3DB4C10}.Debug|Any CPU.ActiveCfg = Debug|Any CPU
		{2C3A69F7-E199-48AC-91FA-6CAED3DB4C10}.Debug|Any CPU.Build.0 = Debug|Any CPU
		{2C3A69F7-E199-48AC-91FA-6CAED3DB4C10}.Debug|x64.ActiveCfg = Debug|Any CPU
		{2C3A69F7-E199-48AC-91FA-6CAED3DB4C10}.Debug|x64.Build.0 = Debug|Any CPU
		{2C3A69F7-E199-48AC-91FA-6CAED3DB4C10}.Debug|x86.ActiveCfg = Debug|Any CPU
		{2C3A69F7-E199-48AC-91FA-6CAED3DB4C10}.Debug|x86.Build.0 = Debug|Any CPU
		{2C3A69F7-E199-48AC-91FA-6CAED3DB4C10}.Release|Any CPU.ActiveCfg = Release|Any CPU
		{2C3A69F7-E199-48AC-91FA-6CAED3DB4C10}.Release|Any CPU.Build.0 = Release|Any CPU
		{2C3A69F7-E199-48AC-91FA-6CAED3DB4C10}.Release|x64.ActiveCfg = Release|Any CPU
		{2C3A69F7-E199-48AC-91FA-6CAED3DB4C10}.Release|x64.Build.0 = Release|Any CPU
		{2C3A69F7-E199-48AC-91FA-6CAED3DB4C10}.Release|x86.ActiveCfg = Release|Any CPU
		{2C3A69F7-E199-48AC-91FA-6CAED3DB4C10}.Release|x86.Build.0 = Release|Any CPU
		{286C94C8-800A-468B-A953-FD0AFAD4941F}.Debug|Any CPU.ActiveCfg = Debug|Any CPU
		{286C94C8-800A-468B-A953-FD0AFAD4941F}.Debug|Any CPU.Build.0 = Debug|Any CPU
		{286C94C8-800A-468B-A953-FD0AFAD4941F}.Debug|x64.ActiveCfg = Debug|Any CPU
		{286C94C8-800A-468B-A953-FD0AFAD4941F}.Debug|x64.Build.0 = Debug|Any CPU
		{286C94C8-800A-468B-A953-FD0AFAD4941F}.Debug|x86.ActiveCfg = Debug|Any CPU
		{286C94C8-800A-468B-A953-FD0AFAD4941F}.Debug|x86.Build.0 = Debug|Any CPU
		{286C94C8-800A-468B-A953-FD0AFAD4941F}.Release|Any CPU.ActiveCfg = Release|Any CPU
		{286C94C8-800A-468B-A953-FD0AFAD4941F}.Release|Any CPU.Build.0 = Release|Any CPU
		{286C94C8-800A-468B-A953-FD0AFAD4941F}.Release|x64.ActiveCfg = Release|Any CPU
		{286C94C8-800A-468B-A953-FD0AFAD4941F}.Release|x64.Build.0 = Release|Any CPU
		{286C94C8-800A-468B-A953-FD0AFAD4941F}.Release|x86.ActiveCfg = Release|Any CPU
		{286C94C8-800A-468B-A953-FD0AFAD4941F}.Release|x86.Build.0 = Release|Any CPU
		{2BA19C65-CD58-4DE1-9AC6-B2CFF1FE578B}.Debug|Any CPU.ActiveCfg = Debug|Any CPU
		{2BA19C65-CD58-4DE1-9AC6-B2CFF1FE578B}.Debug|Any CPU.Build.0 = Debug|Any CPU
		{2BA19C65-CD58-4DE1-9AC6-B2CFF1FE578B}.Debug|x64.ActiveCfg = Debug|Any CPU
		{2BA19C65-CD58-4DE1-9AC6-B2CFF1FE578B}.Debug|x64.Build.0 = Debug|Any CPU
		{2BA19C65-CD58-4DE1-9AC6-B2CFF1FE578B}.Debug|x86.ActiveCfg = Debug|Any CPU
		{2BA19C65-CD58-4DE1-9AC6-B2CFF1FE578B}.Debug|x86.Build.0 = Debug|Any CPU
		{2BA19C65-CD58-4DE1-9AC6-B2CFF1FE578B}.Release|Any CPU.ActiveCfg = Release|Any CPU
		{2BA19C65-CD58-4DE1-9AC6-B2CFF1FE578B}.Release|Any CPU.Build.0 = Release|Any CPU
		{2BA19C65-CD58-4DE1-9AC6-B2CFF1FE578B}.Release|x64.ActiveCfg = Release|Any CPU
		{2BA19C65-CD58-4DE1-9AC6-B2CFF1FE578B}.Release|x64.Build.0 = Release|Any CPU
		{2BA19C65-CD58-4DE1-9AC6-B2CFF1FE578B}.Release|x86.ActiveCfg = Release|Any CPU
		{2BA19C65-CD58-4DE1-9AC6-B2CFF1FE578B}.Release|x86.Build.0 = Release|Any CPU
		{433931D1-53B8-4B75-A8A1-7B617C09E7D1}.Debug|Any CPU.ActiveCfg = Debug|Any CPU
		{433931D1-53B8-4B75-A8A1-7B617C09E7D1}.Debug|Any CPU.Build.0 = Debug|Any CPU
		{433931D1-53B8-4B75-A8A1-7B617C09E7D1}.Debug|x64.ActiveCfg = Debug|Any CPU
		{433931D1-53B8-4B75-A8A1-7B617C09E7D1}.Debug|x64.Build.0 = Debug|Any CPU
		{433931D1-53B8-4B75-A8A1-7B617C09E7D1}.Debug|x86.ActiveCfg = Debug|Any CPU
		{433931D1-53B8-4B75-A8A1-7B617C09E7D1}.Debug|x86.Build.0 = Debug|Any CPU
		{433931D1-53B8-4B75-A8A1-7B617C09E7D1}.Release|Any CPU.ActiveCfg = Release|Any CPU
		{433931D1-53B8-4B75-A8A1-7B617C09E7D1}.Release|Any CPU.Build.0 = Release|Any CPU
		{433931D1-53B8-4B75-A8A1-7B617C09E7D1}.Release|x64.ActiveCfg = Release|Any CPU
		{433931D1-53B8-4B75-A8A1-7B617C09E7D1}.Release|x64.Build.0 = Release|Any CPU
		{433931D1-53B8-4B75-A8A1-7B617C09E7D1}.Release|x86.ActiveCfg = Release|Any CPU
		{433931D1-53B8-4B75-A8A1-7B617C09E7D1}.Release|x86.Build.0 = Release|Any CPU
		{A3272638-99DE-4AA8-B35E-63390133975A}.Debug|Any CPU.ActiveCfg = Debug|Any CPU
		{A3272638-99DE-4AA8-B35E-63390133975A}.Debug|Any CPU.Build.0 = Debug|Any CPU
		{A3272638-99DE-4AA8-B35E-63390133975A}.Debug|x64.ActiveCfg = Debug|Any CPU
		{A3272638-99DE-4AA8-B35E-63390133975A}.Debug|x64.Build.0 = Debug|Any CPU
		{A3272638-99DE-4AA8-B35E-63390133975A}.Debug|x86.ActiveCfg = Debug|Any CPU
		{A3272638-99DE-4AA8-B35E-63390133975A}.Debug|x86.Build.0 = Debug|Any CPU
		{A3272638-99DE-4AA8-B35E-63390133975A}.Release|Any CPU.ActiveCfg = Release|Any CPU
		{A3272638-99DE-4AA8-B35E-63390133975A}.Release|Any CPU.Build.0 = Release|Any CPU
		{A3272638-99DE-4AA8-B35E-63390133975A}.Release|x64.ActiveCfg = Release|Any CPU
		{A3272638-99DE-4AA8-B35E-63390133975A}.Release|x64.Build.0 = Release|Any CPU
		{A3272638-99DE-4AA8-B35E-63390133975A}.Release|x86.ActiveCfg = Release|Any CPU
		{A3272638-99DE-4AA8-B35E-63390133975A}.Release|x86.Build.0 = Release|Any CPU
		{FEBA8EE5-37C5-47CF-8543-DEC9BCF9A769}.Debug|Any CPU.ActiveCfg = Debug|Any CPU
		{FEBA8EE5-37C5-47CF-8543-DEC9BCF9A769}.Debug|Any CPU.Build.0 = Debug|Any CPU
		{FEBA8EE5-37C5-47CF-8543-DEC9BCF9A769}.Debug|x64.ActiveCfg = Debug|Any CPU
		{FEBA8EE5-37C5-47CF-8543-DEC9BCF9A769}.Debug|x64.Build.0 = Debug|Any CPU
		{FEBA8EE5-37C5-47CF-8543-DEC9BCF9A769}.Debug|x86.ActiveCfg = Debug|Any CPU
		{FEBA8EE5-37C5-47CF-8543-DEC9BCF9A769}.Debug|x86.Build.0 = Debug|Any CPU
		{FEBA8EE5-37C5-47CF-8543-DEC9BCF9A769}.Release|Any CPU.ActiveCfg = Release|Any CPU
		{FEBA8EE5-37C5-47CF-8543-DEC9BCF9A769}.Release|Any CPU.Build.0 = Release|Any CPU
		{FEBA8EE5-37C5-47CF-8543-DEC9BCF9A769}.Release|x64.ActiveCfg = Release|Any CPU
		{FEBA8EE5-37C5-47CF-8543-DEC9BCF9A769}.Release|x64.Build.0 = Release|Any CPU
		{FEBA8EE5-37C5-47CF-8543-DEC9BCF9A769}.Release|x86.ActiveCfg = Release|Any CPU
		{FEBA8EE5-37C5-47CF-8543-DEC9BCF9A769}.Release|x86.Build.0 = Release|Any CPU
		{763691FA-5CCF-4BD4-B08D-C4E726424047}.Debug|Any CPU.ActiveCfg = Debug|Any CPU
		{763691FA-5CCF-4BD4-B08D-C4E726424047}.Debug|Any CPU.Build.0 = Debug|Any CPU
		{763691FA-5CCF-4BD4-B08D-C4E726424047}.Debug|x64.ActiveCfg = Debug|Any CPU
		{763691FA-5CCF-4BD4-B08D-C4E726424047}.Debug|x64.Build.0 = Debug|Any CPU
		{763691FA-5CCF-4BD4-B08D-C4E726424047}.Debug|x86.ActiveCfg = Debug|Any CPU
		{763691FA-5CCF-4BD4-B08D-C4E726424047}.Debug|x86.Build.0 = Debug|Any CPU
		{763691FA-5CCF-4BD4-B08D-C4E726424047}.Release|Any CPU.ActiveCfg = Release|Any CPU
		{763691FA-5CCF-4BD4-B08D-C4E726424047}.Release|Any CPU.Build.0 = Release|Any CPU
		{763691FA-5CCF-4BD4-B08D-C4E726424047}.Release|x64.ActiveCfg = Release|Any CPU
		{763691FA-5CCF-4BD4-B08D-C4E726424047}.Release|x64.Build.0 = Release|Any CPU
		{763691FA-5CCF-4BD4-B08D-C4E726424047}.Release|x86.ActiveCfg = Release|Any CPU
		{763691FA-5CCF-4BD4-B08D-C4E726424047}.Release|x86.Build.0 = Release|Any CPU
		{FDF02BD3-013A-4754-9EDA-4273F376F329}.Debug|Any CPU.ActiveCfg = Debug|Any CPU
		{FDF02BD3-013A-4754-9EDA-4273F376F329}.Debug|Any CPU.Build.0 = Debug|Any CPU
		{FDF02BD3-013A-4754-9EDA-4273F376F329}.Debug|x64.ActiveCfg = Debug|Any CPU
		{FDF02BD3-013A-4754-9EDA-4273F376F329}.Debug|x64.Build.0 = Debug|Any CPU
		{FDF02BD3-013A-4754-9EDA-4273F376F329}.Debug|x86.ActiveCfg = Debug|Any CPU
		{FDF02BD3-013A-4754-9EDA-4273F376F329}.Debug|x86.Build.0 = Debug|Any CPU
		{FDF02BD3-013A-4754-9EDA-4273F376F329}.Release|Any CPU.ActiveCfg = Release|Any CPU
		{FDF02BD3-013A-4754-9EDA-4273F376F329}.Release|Any CPU.Build.0 = Release|Any CPU
		{FDF02BD3-013A-4754-9EDA-4273F376F329}.Release|x64.ActiveCfg = Release|Any CPU
		{FDF02BD3-013A-4754-9EDA-4273F376F329}.Release|x64.Build.0 = Release|Any CPU
		{FDF02BD3-013A-4754-9EDA-4273F376F329}.Release|x86.ActiveCfg = Release|Any CPU
		{FDF02BD3-013A-4754-9EDA-4273F376F329}.Release|x86.Build.0 = Release|Any CPU
		{430DFA16-5C47-4B3A-A4C0-9F7DD31A4BC1}.Debug|Any CPU.ActiveCfg = Debug|Any CPU
		{430DFA16-5C47-4B3A-A4C0-9F7DD31A4BC1}.Debug|Any CPU.Build.0 = Debug|Any CPU
		{430DFA16-5C47-4B3A-A4C0-9F7DD31A4BC1}.Debug|x64.ActiveCfg = Debug|Any CPU
		{430DFA16-5C47-4B3A-A4C0-9F7DD31A4BC1}.Debug|x64.Build.0 = Debug|Any CPU
		{430DFA16-5C47-4B3A-A4C0-9F7DD31A4BC1}.Debug|x86.ActiveCfg = Debug|Any CPU
		{430DFA16-5C47-4B3A-A4C0-9F7DD31A4BC1}.Debug|x86.Build.0 = Debug|Any CPU
		{430DFA16-5C47-4B3A-A4C0-9F7DD31A4BC1}.Release|Any CPU.ActiveCfg = Release|Any CPU
		{430DFA16-5C47-4B3A-A4C0-9F7DD31A4BC1}.Release|Any CPU.Build.0 = Release|Any CPU
		{430DFA16-5C47-4B3A-A4C0-9F7DD31A4BC1}.Release|x64.ActiveCfg = Release|Any CPU
		{430DFA16-5C47-4B3A-A4C0-9F7DD31A4BC1}.Release|x64.Build.0 = Release|Any CPU
		{430DFA16-5C47-4B3A-A4C0-9F7DD31A4BC1}.Release|x86.ActiveCfg = Release|Any CPU
		{430DFA16-5C47-4B3A-A4C0-9F7DD31A4BC1}.Release|x86.Build.0 = Release|Any CPU
		{0096FC3C-CE3D-4956-A2BC-83C3058C326A}.Debug|Any CPU.ActiveCfg = Debug|Any CPU
		{0096FC3C-CE3D-4956-A2BC-83C3058C326A}.Debug|Any CPU.Build.0 = Debug|Any CPU
		{0096FC3C-CE3D-4956-A2BC-83C3058C326A}.Debug|x64.ActiveCfg = Debug|Any CPU
		{0096FC3C-CE3D-4956-A2BC-83C3058C326A}.Debug|x64.Build.0 = Debug|Any CPU
		{0096FC3C-CE3D-4956-A2BC-83C3058C326A}.Debug|x86.ActiveCfg = Debug|Any CPU
		{0096FC3C-CE3D-4956-A2BC-83C3058C326A}.Debug|x86.Build.0 = Debug|Any CPU
		{0096FC3C-CE3D-4956-A2BC-83C3058C326A}.Release|Any CPU.ActiveCfg = Release|Any CPU
		{0096FC3C-CE3D-4956-A2BC-83C3058C326A}.Release|Any CPU.Build.0 = Release|Any CPU
		{0096FC3C-CE3D-4956-A2BC-83C3058C326A}.Release|x64.ActiveCfg = Release|Any CPU
		{0096FC3C-CE3D-4956-A2BC-83C3058C326A}.Release|x64.Build.0 = Release|Any CPU
		{0096FC3C-CE3D-4956-A2BC-83C3058C326A}.Release|x86.ActiveCfg = Release|Any CPU
		{0096FC3C-CE3D-4956-A2BC-83C3058C326A}.Release|x86.Build.0 = Release|Any CPU
		{F0BF90CD-5224-455C-8E4C-94DD05DB08F0}.Debug|Any CPU.ActiveCfg = Debug|Any CPU
		{F0BF90CD-5224-455C-8E4C-94DD05DB08F0}.Debug|Any CPU.Build.0 = Debug|Any CPU
		{F0BF90CD-5224-455C-8E4C-94DD05DB08F0}.Debug|x64.ActiveCfg = Debug|Any CPU
		{F0BF90CD-5224-455C-8E4C-94DD05DB08F0}.Debug|x64.Build.0 = Debug|Any CPU
		{F0BF90CD-5224-455C-8E4C-94DD05DB08F0}.Debug|x86.ActiveCfg = Debug|Any CPU
		{F0BF90CD-5224-455C-8E4C-94DD05DB08F0}.Debug|x86.Build.0 = Debug|Any CPU
		{F0BF90CD-5224-455C-8E4C-94DD05DB08F0}.Release|Any CPU.ActiveCfg = Release|Any CPU
		{F0BF90CD-5224-455C-8E4C-94DD05DB08F0}.Release|Any CPU.Build.0 = Release|Any CPU
		{F0BF90CD-5224-455C-8E4C-94DD05DB08F0}.Release|x64.ActiveCfg = Release|Any CPU
		{F0BF90CD-5224-455C-8E4C-94DD05DB08F0}.Release|x64.Build.0 = Release|Any CPU
		{F0BF90CD-5224-455C-8E4C-94DD05DB08F0}.Release|x86.ActiveCfg = Release|Any CPU
		{F0BF90CD-5224-455C-8E4C-94DD05DB08F0}.Release|x86.Build.0 = Release|Any CPU
		{BC1DB9FB-4E43-47BC-9530-B33073C0F07F}.Debug|Any CPU.ActiveCfg = Debug|Any CPU
		{BC1DB9FB-4E43-47BC-9530-B33073C0F07F}.Debug|Any CPU.Build.0 = Debug|Any CPU
		{BC1DB9FB-4E43-47BC-9530-B33073C0F07F}.Debug|x64.ActiveCfg = Debug|Any CPU
		{BC1DB9FB-4E43-47BC-9530-B33073C0F07F}.Debug|x64.Build.0 = Debug|Any CPU
		{BC1DB9FB-4E43-47BC-9530-B33073C0F07F}.Debug|x86.ActiveCfg = Debug|Any CPU
		{BC1DB9FB-4E43-47BC-9530-B33073C0F07F}.Debug|x86.Build.0 = Debug|Any CPU
		{BC1DB9FB-4E43-47BC-9530-B33073C0F07F}.Release|Any CPU.ActiveCfg = Release|Any CPU
		{BC1DB9FB-4E43-47BC-9530-B33073C0F07F}.Release|Any CPU.Build.0 = Release|Any CPU
		{BC1DB9FB-4E43-47BC-9530-B33073C0F07F}.Release|x64.ActiveCfg = Release|Any CPU
		{BC1DB9FB-4E43-47BC-9530-B33073C0F07F}.Release|x64.Build.0 = Release|Any CPU
		{BC1DB9FB-4E43-47BC-9530-B33073C0F07F}.Release|x86.ActiveCfg = Release|Any CPU
		{BC1DB9FB-4E43-47BC-9530-B33073C0F07F}.Release|x86.Build.0 = Release|Any CPU
		{CCA66D27-FE0E-443F-8CB0-194CD37B8B4F}.Debug|Any CPU.ActiveCfg = Debug|Any CPU
		{CCA66D27-FE0E-443F-8CB0-194CD37B8B4F}.Debug|Any CPU.Build.0 = Debug|Any CPU
		{CCA66D27-FE0E-443F-8CB0-194CD37B8B4F}.Debug|x64.ActiveCfg = Debug|Any CPU
		{CCA66D27-FE0E-443F-8CB0-194CD37B8B4F}.Debug|x64.Build.0 = Debug|Any CPU
		{CCA66D27-FE0E-443F-8CB0-194CD37B8B4F}.Debug|x86.ActiveCfg = Debug|Any CPU
		{CCA66D27-FE0E-443F-8CB0-194CD37B8B4F}.Debug|x86.Build.0 = Debug|Any CPU
		{CCA66D27-FE0E-443F-8CB0-194CD37B8B4F}.Release|Any CPU.ActiveCfg = Release|Any CPU
		{CCA66D27-FE0E-443F-8CB0-194CD37B8B4F}.Release|Any CPU.Build.0 = Release|Any CPU
		{CCA66D27-FE0E-443F-8CB0-194CD37B8B4F}.Release|x64.ActiveCfg = Release|Any CPU
		{CCA66D27-FE0E-443F-8CB0-194CD37B8B4F}.Release|x64.Build.0 = Release|Any CPU
		{CCA66D27-FE0E-443F-8CB0-194CD37B8B4F}.Release|x86.ActiveCfg = Release|Any CPU
		{CCA66D27-FE0E-443F-8CB0-194CD37B8B4F}.Release|x86.Build.0 = Release|Any CPU
		{6E940664-DEDA-40F7-BAD4-F3BE6F29ECA1}.Debug|Any CPU.ActiveCfg = Debug|Any CPU
		{6E940664-DEDA-40F7-BAD4-F3BE6F29ECA1}.Debug|Any CPU.Build.0 = Debug|Any CPU
		{6E940664-DEDA-40F7-BAD4-F3BE6F29ECA1}.Debug|x64.ActiveCfg = Debug|Any CPU
		{6E940664-DEDA-40F7-BAD4-F3BE6F29ECA1}.Debug|x64.Build.0 = Debug|Any CPU
		{6E940664-DEDA-40F7-BAD4-F3BE6F29ECA1}.Debug|x86.ActiveCfg = Debug|Any CPU
		{6E940664-DEDA-40F7-BAD4-F3BE6F29ECA1}.Debug|x86.Build.0 = Debug|Any CPU
		{6E940664-DEDA-40F7-BAD4-F3BE6F29ECA1}.Release|Any CPU.ActiveCfg = Release|Any CPU
		{6E940664-DEDA-40F7-BAD4-F3BE6F29ECA1}.Release|Any CPU.Build.0 = Release|Any CPU
		{6E940664-DEDA-40F7-BAD4-F3BE6F29ECA1}.Release|x64.ActiveCfg = Release|Any CPU
		{6E940664-DEDA-40F7-BAD4-F3BE6F29ECA1}.Release|x64.Build.0 = Release|Any CPU
		{6E940664-DEDA-40F7-BAD4-F3BE6F29ECA1}.Release|x86.ActiveCfg = Release|Any CPU
		{6E940664-DEDA-40F7-BAD4-F3BE6F29ECA1}.Release|x86.Build.0 = Release|Any CPU
		{403A6035-1E54-4DB1-B2C1-23CA5811D441}.Debug|Any CPU.ActiveCfg = Debug|Any CPU
		{403A6035-1E54-4DB1-B2C1-23CA5811D441}.Debug|Any CPU.Build.0 = Debug|Any CPU
		{403A6035-1E54-4DB1-B2C1-23CA5811D441}.Debug|x64.ActiveCfg = Debug|Any CPU
		{403A6035-1E54-4DB1-B2C1-23CA5811D441}.Debug|x64.Build.0 = Debug|Any CPU
		{403A6035-1E54-4DB1-B2C1-23CA5811D441}.Debug|x86.ActiveCfg = Debug|Any CPU
		{403A6035-1E54-4DB1-B2C1-23CA5811D441}.Debug|x86.Build.0 = Debug|Any CPU
		{403A6035-1E54-4DB1-B2C1-23CA5811D441}.Release|Any CPU.ActiveCfg = Release|Any CPU
		{403A6035-1E54-4DB1-B2C1-23CA5811D441}.Release|Any CPU.Build.0 = Release|Any CPU
		{403A6035-1E54-4DB1-B2C1-23CA5811D441}.Release|x64.ActiveCfg = Release|Any CPU
		{403A6035-1E54-4DB1-B2C1-23CA5811D441}.Release|x64.Build.0 = Release|Any CPU
		{403A6035-1E54-4DB1-B2C1-23CA5811D441}.Release|x86.ActiveCfg = Release|Any CPU
		{403A6035-1E54-4DB1-B2C1-23CA5811D441}.Release|x86.Build.0 = Release|Any CPU
		{4427589B-C990-4C82-B21D-2CA255EBBB26}.Debug|Any CPU.ActiveCfg = Debug|Any CPU
		{4427589B-C990-4C82-B21D-2CA255EBBB26}.Debug|Any CPU.Build.0 = Debug|Any CPU
		{4427589B-C990-4C82-B21D-2CA255EBBB26}.Debug|x64.ActiveCfg = Debug|Any CPU
		{4427589B-C990-4C82-B21D-2CA255EBBB26}.Debug|x64.Build.0 = Debug|Any CPU
		{4427589B-C990-4C82-B21D-2CA255EBBB26}.Debug|x86.ActiveCfg = Debug|Any CPU
		{4427589B-C990-4C82-B21D-2CA255EBBB26}.Debug|x86.Build.0 = Debug|Any CPU
		{4427589B-C990-4C82-B21D-2CA255EBBB26}.Release|Any CPU.ActiveCfg = Release|Any CPU
		{4427589B-C990-4C82-B21D-2CA255EBBB26}.Release|Any CPU.Build.0 = Release|Any CPU
		{4427589B-C990-4C82-B21D-2CA255EBBB26}.Release|x64.ActiveCfg = Release|Any CPU
		{4427589B-C990-4C82-B21D-2CA255EBBB26}.Release|x64.Build.0 = Release|Any CPU
		{4427589B-C990-4C82-B21D-2CA255EBBB26}.Release|x86.ActiveCfg = Release|Any CPU
		{4427589B-C990-4C82-B21D-2CA255EBBB26}.Release|x86.Build.0 = Release|Any CPU
		{BAE2C6F5-7F8D-4410-96B6-241F03D6D133}.Debug|Any CPU.ActiveCfg = Debug|Any CPU
		{BAE2C6F5-7F8D-4410-96B6-241F03D6D133}.Debug|Any CPU.Build.0 = Debug|Any CPU
		{BAE2C6F5-7F8D-4410-96B6-241F03D6D133}.Debug|x64.ActiveCfg = Debug|Any CPU
		{BAE2C6F5-7F8D-4410-96B6-241F03D6D133}.Debug|x64.Build.0 = Debug|Any CPU
		{BAE2C6F5-7F8D-4410-96B6-241F03D6D133}.Debug|x86.ActiveCfg = Debug|Any CPU
		{BAE2C6F5-7F8D-4410-96B6-241F03D6D133}.Debug|x86.Build.0 = Debug|Any CPU
		{BAE2C6F5-7F8D-4410-96B6-241F03D6D133}.Release|Any CPU.ActiveCfg = Release|Any CPU
		{BAE2C6F5-7F8D-4410-96B6-241F03D6D133}.Release|Any CPU.Build.0 = Release|Any CPU
		{BAE2C6F5-7F8D-4410-96B6-241F03D6D133}.Release|x64.ActiveCfg = Release|Any CPU
		{BAE2C6F5-7F8D-4410-96B6-241F03D6D133}.Release|x64.Build.0 = Release|Any CPU
		{BAE2C6F5-7F8D-4410-96B6-241F03D6D133}.Release|x86.ActiveCfg = Release|Any CPU
		{BAE2C6F5-7F8D-4410-96B6-241F03D6D133}.Release|x86.Build.0 = Release|Any CPU
		{0F3F0A1B-9283-4BEC-886A-05052CF63CDD}.Debug|Any CPU.ActiveCfg = Debug|Any CPU
		{0F3F0A1B-9283-4BEC-886A-05052CF63CDD}.Debug|Any CPU.Build.0 = Debug|Any CPU
		{0F3F0A1B-9283-4BEC-886A-05052CF63CDD}.Debug|x64.ActiveCfg = Debug|Any CPU
		{0F3F0A1B-9283-4BEC-886A-05052CF63CDD}.Debug|x64.Build.0 = Debug|Any CPU
		{0F3F0A1B-9283-4BEC-886A-05052CF63CDD}.Debug|x86.ActiveCfg = Debug|Any CPU
		{0F3F0A1B-9283-4BEC-886A-05052CF63CDD}.Debug|x86.Build.0 = Debug|Any CPU
		{0F3F0A1B-9283-4BEC-886A-05052CF63CDD}.Release|Any CPU.ActiveCfg = Release|Any CPU
		{0F3F0A1B-9283-4BEC-886A-05052CF63CDD}.Release|Any CPU.Build.0 = Release|Any CPU
		{0F3F0A1B-9283-4BEC-886A-05052CF63CDD}.Release|x64.ActiveCfg = Release|Any CPU
		{0F3F0A1B-9283-4BEC-886A-05052CF63CDD}.Release|x64.Build.0 = Release|Any CPU
		{0F3F0A1B-9283-4BEC-886A-05052CF63CDD}.Release|x86.ActiveCfg = Release|Any CPU
		{0F3F0A1B-9283-4BEC-886A-05052CF63CDD}.Release|x86.Build.0 = Release|Any CPU
		{727CC75A-1429-4148-AC96-A096C5ACC1B4}.Debug|Any CPU.ActiveCfg = Debug|Any CPU
		{727CC75A-1429-4148-AC96-A096C5ACC1B4}.Debug|Any CPU.Build.0 = Debug|Any CPU
		{727CC75A-1429-4148-AC96-A096C5ACC1B4}.Debug|x64.ActiveCfg = Debug|Any CPU
		{727CC75A-1429-4148-AC96-A096C5ACC1B4}.Debug|x64.Build.0 = Debug|Any CPU
		{727CC75A-1429-4148-AC96-A096C5ACC1B4}.Debug|x86.ActiveCfg = Debug|Any CPU
		{727CC75A-1429-4148-AC96-A096C5ACC1B4}.Debug|x86.Build.0 = Debug|Any CPU
		{727CC75A-1429-4148-AC96-A096C5ACC1B4}.Release|Any CPU.ActiveCfg = Release|Any CPU
		{727CC75A-1429-4148-AC96-A096C5ACC1B4}.Release|Any CPU.Build.0 = Release|Any CPU
		{727CC75A-1429-4148-AC96-A096C5ACC1B4}.Release|x64.ActiveCfg = Release|Any CPU
		{727CC75A-1429-4148-AC96-A096C5ACC1B4}.Release|x64.Build.0 = Release|Any CPU
		{727CC75A-1429-4148-AC96-A096C5ACC1B4}.Release|x86.ActiveCfg = Release|Any CPU
		{727CC75A-1429-4148-AC96-A096C5ACC1B4}.Release|x86.Build.0 = Release|Any CPU
		{DF781D9A-FD32-4A6B-B926-7BD34F974F06}.Debug|Any CPU.ActiveCfg = Debug|Any CPU
		{DF781D9A-FD32-4A6B-B926-7BD34F974F06}.Debug|Any CPU.Build.0 = Debug|Any CPU
		{DF781D9A-FD32-4A6B-B926-7BD34F974F06}.Debug|x64.ActiveCfg = Debug|Any CPU
		{DF781D9A-FD32-4A6B-B926-7BD34F974F06}.Debug|x64.Build.0 = Debug|Any CPU
		{DF781D9A-FD32-4A6B-B926-7BD34F974F06}.Debug|x86.ActiveCfg = Debug|Any CPU
		{DF781D9A-FD32-4A6B-B926-7BD34F974F06}.Debug|x86.Build.0 = Debug|Any CPU
		{DF781D9A-FD32-4A6B-B926-7BD34F974F06}.Release|Any CPU.ActiveCfg = Release|Any CPU
		{DF781D9A-FD32-4A6B-B926-7BD34F974F06}.Release|Any CPU.Build.0 = Release|Any CPU
		{DF781D9A-FD32-4A6B-B926-7BD34F974F06}.Release|x64.ActiveCfg = Release|Any CPU
		{DF781D9A-FD32-4A6B-B926-7BD34F974F06}.Release|x64.Build.0 = Release|Any CPU
		{DF781D9A-FD32-4A6B-B926-7BD34F974F06}.Release|x86.ActiveCfg = Release|Any CPU
		{DF781D9A-FD32-4A6B-B926-7BD34F974F06}.Release|x86.Build.0 = Release|Any CPU
		{3C1C226E-3A47-48F7-93C0-1AD160F63356}.Debug|Any CPU.ActiveCfg = Debug|Any CPU
		{3C1C226E-3A47-48F7-93C0-1AD160F63356}.Debug|Any CPU.Build.0 = Debug|Any CPU
		{3C1C226E-3A47-48F7-93C0-1AD160F63356}.Debug|x64.ActiveCfg = Debug|Any CPU
		{3C1C226E-3A47-48F7-93C0-1AD160F63356}.Debug|x64.Build.0 = Debug|Any CPU
		{3C1C226E-3A47-48F7-93C0-1AD160F63356}.Debug|x86.ActiveCfg = Debug|Any CPU
		{3C1C226E-3A47-48F7-93C0-1AD160F63356}.Debug|x86.Build.0 = Debug|Any CPU
		{3C1C226E-3A47-48F7-93C0-1AD160F63356}.Release|Any CPU.ActiveCfg = Release|Any CPU
		{3C1C226E-3A47-48F7-93C0-1AD160F63356}.Release|Any CPU.Build.0 = Release|Any CPU
		{3C1C226E-3A47-48F7-93C0-1AD160F63356}.Release|x64.ActiveCfg = Release|Any CPU
		{3C1C226E-3A47-48F7-93C0-1AD160F63356}.Release|x64.Build.0 = Release|Any CPU
		{3C1C226E-3A47-48F7-93C0-1AD160F63356}.Release|x86.ActiveCfg = Release|Any CPU
		{3C1C226E-3A47-48F7-93C0-1AD160F63356}.Release|x86.Build.0 = Release|Any CPU
		{5C8FEFE6-98A2-4DA2-BED0-E3493686B580}.Debug|Any CPU.ActiveCfg = Debug|Any CPU
		{5C8FEFE6-98A2-4DA2-BED0-E3493686B580}.Debug|Any CPU.Build.0 = Debug|Any CPU
		{5C8FEFE6-98A2-4DA2-BED0-E3493686B580}.Debug|x64.ActiveCfg = Debug|Any CPU
		{5C8FEFE6-98A2-4DA2-BED0-E3493686B580}.Debug|x64.Build.0 = Debug|Any CPU
		{5C8FEFE6-98A2-4DA2-BED0-E3493686B580}.Debug|x86.ActiveCfg = Debug|Any CPU
		{5C8FEFE6-98A2-4DA2-BED0-E3493686B580}.Debug|x86.Build.0 = Debug|Any CPU
		{5C8FEFE6-98A2-4DA2-BED0-E3493686B580}.Release|Any CPU.ActiveCfg = Release|Any CPU
		{5C8FEFE6-98A2-4DA2-BED0-E3493686B580}.Release|Any CPU.Build.0 = Release|Any CPU
		{5C8FEFE6-98A2-4DA2-BED0-E3493686B580}.Release|x64.ActiveCfg = Release|Any CPU
		{5C8FEFE6-98A2-4DA2-BED0-E3493686B580}.Release|x64.Build.0 = Release|Any CPU
		{5C8FEFE6-98A2-4DA2-BED0-E3493686B580}.Release|x86.ActiveCfg = Release|Any CPU
		{5C8FEFE6-98A2-4DA2-BED0-E3493686B580}.Release|x86.Build.0 = Release|Any CPU
		{CBD9E959-A523-4F54-909F-3DEE059C2C1A}.Debug|Any CPU.ActiveCfg = Debug|Any CPU
		{CBD9E959-A523-4F54-909F-3DEE059C2C1A}.Debug|Any CPU.Build.0 = Debug|Any CPU
		{CBD9E959-A523-4F54-909F-3DEE059C2C1A}.Debug|x64.ActiveCfg = Debug|Any CPU
		{CBD9E959-A523-4F54-909F-3DEE059C2C1A}.Debug|x64.Build.0 = Debug|Any CPU
		{CBD9E959-A523-4F54-909F-3DEE059C2C1A}.Debug|x86.ActiveCfg = Debug|Any CPU
		{CBD9E959-A523-4F54-909F-3DEE059C2C1A}.Debug|x86.Build.0 = Debug|Any CPU
		{CBD9E959-A523-4F54-909F-3DEE059C2C1A}.Release|Any CPU.ActiveCfg = Release|Any CPU
		{CBD9E959-A523-4F54-909F-3DEE059C2C1A}.Release|Any CPU.Build.0 = Release|Any CPU
		{CBD9E959-A523-4F54-909F-3DEE059C2C1A}.Release|x64.ActiveCfg = Release|Any CPU
		{CBD9E959-A523-4F54-909F-3DEE059C2C1A}.Release|x64.Build.0 = Release|Any CPU
		{CBD9E959-A523-4F54-909F-3DEE059C2C1A}.Release|x86.ActiveCfg = Release|Any CPU
		{CBD9E959-A523-4F54-909F-3DEE059C2C1A}.Release|x86.Build.0 = Release|Any CPU
		{86E4666A-6360-49A7-851D-34F2FCEC761D}.Debug|Any CPU.ActiveCfg = Debug|Any CPU
		{86E4666A-6360-49A7-851D-34F2FCEC761D}.Debug|Any CPU.Build.0 = Debug|Any CPU
		{86E4666A-6360-49A7-851D-34F2FCEC761D}.Debug|x64.ActiveCfg = Debug|Any CPU
		{86E4666A-6360-49A7-851D-34F2FCEC761D}.Debug|x64.Build.0 = Debug|Any CPU
		{86E4666A-6360-49A7-851D-34F2FCEC761D}.Debug|x86.ActiveCfg = Debug|Any CPU
		{86E4666A-6360-49A7-851D-34F2FCEC761D}.Debug|x86.Build.0 = Debug|Any CPU
		{86E4666A-6360-49A7-851D-34F2FCEC761D}.Release|Any CPU.ActiveCfg = Release|Any CPU
		{86E4666A-6360-49A7-851D-34F2FCEC761D}.Release|Any CPU.Build.0 = Release|Any CPU
		{86E4666A-6360-49A7-851D-34F2FCEC761D}.Release|x64.ActiveCfg = Release|Any CPU
		{86E4666A-6360-49A7-851D-34F2FCEC761D}.Release|x64.Build.0 = Release|Any CPU
		{86E4666A-6360-49A7-851D-34F2FCEC761D}.Release|x86.ActiveCfg = Release|Any CPU
		{86E4666A-6360-49A7-851D-34F2FCEC761D}.Release|x86.Build.0 = Release|Any CPU
		{ECF4AE98-ED0A-4BF0-A54A-AE023FC24AED}.Debug|Any CPU.ActiveCfg = Debug|Any CPU
		{ECF4AE98-ED0A-4BF0-A54A-AE023FC24AED}.Debug|Any CPU.Build.0 = Debug|Any CPU
		{ECF4AE98-ED0A-4BF0-A54A-AE023FC24AED}.Debug|x64.ActiveCfg = Debug|Any CPU
		{ECF4AE98-ED0A-4BF0-A54A-AE023FC24AED}.Debug|x64.Build.0 = Debug|Any CPU
		{ECF4AE98-ED0A-4BF0-A54A-AE023FC24AED}.Debug|x86.ActiveCfg = Debug|Any CPU
		{ECF4AE98-ED0A-4BF0-A54A-AE023FC24AED}.Debug|x86.Build.0 = Debug|Any CPU
		{ECF4AE98-ED0A-4BF0-A54A-AE023FC24AED}.Release|Any CPU.ActiveCfg = Release|Any CPU
		{ECF4AE98-ED0A-4BF0-A54A-AE023FC24AED}.Release|Any CPU.Build.0 = Release|Any CPU
		{ECF4AE98-ED0A-4BF0-A54A-AE023FC24AED}.Release|x64.ActiveCfg = Release|Any CPU
		{ECF4AE98-ED0A-4BF0-A54A-AE023FC24AED}.Release|x64.Build.0 = Release|Any CPU
		{ECF4AE98-ED0A-4BF0-A54A-AE023FC24AED}.Release|x86.ActiveCfg = Release|Any CPU
		{ECF4AE98-ED0A-4BF0-A54A-AE023FC24AED}.Release|x86.Build.0 = Release|Any CPU
		{193B7214-BCAA-40E5-9B14-1F429FC1C56C}.Debug|Any CPU.ActiveCfg = Debug|Any CPU
		{193B7214-BCAA-40E5-9B14-1F429FC1C56C}.Debug|Any CPU.Build.0 = Debug|Any CPU
		{193B7214-BCAA-40E5-9B14-1F429FC1C56C}.Debug|x64.ActiveCfg = Debug|Any CPU
		{193B7214-BCAA-40E5-9B14-1F429FC1C56C}.Debug|x64.Build.0 = Debug|Any CPU
		{193B7214-BCAA-40E5-9B14-1F429FC1C56C}.Debug|x86.ActiveCfg = Debug|Any CPU
		{193B7214-BCAA-40E5-9B14-1F429FC1C56C}.Debug|x86.Build.0 = Debug|Any CPU
		{193B7214-BCAA-40E5-9B14-1F429FC1C56C}.Release|Any CPU.ActiveCfg = Release|Any CPU
		{193B7214-BCAA-40E5-9B14-1F429FC1C56C}.Release|Any CPU.Build.0 = Release|Any CPU
		{193B7214-BCAA-40E5-9B14-1F429FC1C56C}.Release|x64.ActiveCfg = Release|Any CPU
		{193B7214-BCAA-40E5-9B14-1F429FC1C56C}.Release|x64.Build.0 = Release|Any CPU
		{193B7214-BCAA-40E5-9B14-1F429FC1C56C}.Release|x86.ActiveCfg = Release|Any CPU
		{193B7214-BCAA-40E5-9B14-1F429FC1C56C}.Release|x86.Build.0 = Release|Any CPU
		{12977109-6E41-4568-A6DE-F87FEC86974C}.Debug|Any CPU.ActiveCfg = Debug|Any CPU
		{12977109-6E41-4568-A6DE-F87FEC86974C}.Debug|Any CPU.Build.0 = Debug|Any CPU
		{12977109-6E41-4568-A6DE-F87FEC86974C}.Debug|x64.ActiveCfg = Debug|Any CPU
		{12977109-6E41-4568-A6DE-F87FEC86974C}.Debug|x64.Build.0 = Debug|Any CPU
		{12977109-6E41-4568-A6DE-F87FEC86974C}.Debug|x86.ActiveCfg = Debug|Any CPU
		{12977109-6E41-4568-A6DE-F87FEC86974C}.Debug|x86.Build.0 = Debug|Any CPU
		{12977109-6E41-4568-A6DE-F87FEC86974C}.Release|Any CPU.ActiveCfg = Release|Any CPU
		{12977109-6E41-4568-A6DE-F87FEC86974C}.Release|Any CPU.Build.0 = Release|Any CPU
		{12977109-6E41-4568-A6DE-F87FEC86974C}.Release|x64.ActiveCfg = Release|Any CPU
		{12977109-6E41-4568-A6DE-F87FEC86974C}.Release|x64.Build.0 = Release|Any CPU
		{12977109-6E41-4568-A6DE-F87FEC86974C}.Release|x86.ActiveCfg = Release|Any CPU
		{12977109-6E41-4568-A6DE-F87FEC86974C}.Release|x86.Build.0 = Release|Any CPU
		{B53B7E67-8642-4B48-A5DC-9007C4433765}.Debug|Any CPU.ActiveCfg = Debug|Any CPU
		{B53B7E67-8642-4B48-A5DC-9007C4433765}.Debug|Any CPU.Build.0 = Debug|Any CPU
		{B53B7E67-8642-4B48-A5DC-9007C4433765}.Debug|x64.ActiveCfg = Debug|Any CPU
		{B53B7E67-8642-4B48-A5DC-9007C4433765}.Debug|x64.Build.0 = Debug|Any CPU
		{B53B7E67-8642-4B48-A5DC-9007C4433765}.Debug|x86.ActiveCfg = Debug|Any CPU
		{B53B7E67-8642-4B48-A5DC-9007C4433765}.Debug|x86.Build.0 = Debug|Any CPU
		{B53B7E67-8642-4B48-A5DC-9007C4433765}.Release|Any CPU.ActiveCfg = Release|Any CPU
		{B53B7E67-8642-4B48-A5DC-9007C4433765}.Release|Any CPU.Build.0 = Release|Any CPU
		{B53B7E67-8642-4B48-A5DC-9007C4433765}.Release|x64.ActiveCfg = Release|Any CPU
		{B53B7E67-8642-4B48-A5DC-9007C4433765}.Release|x64.Build.0 = Release|Any CPU
		{B53B7E67-8642-4B48-A5DC-9007C4433765}.Release|x86.ActiveCfg = Release|Any CPU
		{B53B7E67-8642-4B48-A5DC-9007C4433765}.Release|x86.Build.0 = Release|Any CPU
		{37011AA8-74CA-4124-AE3D-5AEE67A9F1F5}.Debug|Any CPU.ActiveCfg = Debug|Any CPU
		{37011AA8-74CA-4124-AE3D-5AEE67A9F1F5}.Debug|Any CPU.Build.0 = Debug|Any CPU
		{37011AA8-74CA-4124-AE3D-5AEE67A9F1F5}.Debug|x64.ActiveCfg = Debug|Any CPU
		{37011AA8-74CA-4124-AE3D-5AEE67A9F1F5}.Debug|x64.Build.0 = Debug|Any CPU
		{37011AA8-74CA-4124-AE3D-5AEE67A9F1F5}.Debug|x86.ActiveCfg = Debug|Any CPU
		{37011AA8-74CA-4124-AE3D-5AEE67A9F1F5}.Debug|x86.Build.0 = Debug|Any CPU
		{37011AA8-74CA-4124-AE3D-5AEE67A9F1F5}.Release|Any CPU.ActiveCfg = Release|Any CPU
		{37011AA8-74CA-4124-AE3D-5AEE67A9F1F5}.Release|Any CPU.Build.0 = Release|Any CPU
		{37011AA8-74CA-4124-AE3D-5AEE67A9F1F5}.Release|x64.ActiveCfg = Release|Any CPU
		{37011AA8-74CA-4124-AE3D-5AEE67A9F1F5}.Release|x64.Build.0 = Release|Any CPU
		{37011AA8-74CA-4124-AE3D-5AEE67A9F1F5}.Release|x86.ActiveCfg = Release|Any CPU
		{37011AA8-74CA-4124-AE3D-5AEE67A9F1F5}.Release|x86.Build.0 = Release|Any CPU
		{20B608E2-F461-46C3-9D5A-9B4422A1BF25}.Debug|Any CPU.ActiveCfg = Debug|Any CPU
		{20B608E2-F461-46C3-9D5A-9B4422A1BF25}.Debug|Any CPU.Build.0 = Debug|Any CPU
		{20B608E2-F461-46C3-9D5A-9B4422A1BF25}.Debug|x64.ActiveCfg = Debug|Any CPU
		{20B608E2-F461-46C3-9D5A-9B4422A1BF25}.Debug|x64.Build.0 = Debug|Any CPU
		{20B608E2-F461-46C3-9D5A-9B4422A1BF25}.Debug|x86.ActiveCfg = Debug|Any CPU
		{20B608E2-F461-46C3-9D5A-9B4422A1BF25}.Debug|x86.Build.0 = Debug|Any CPU
		{20B608E2-F461-46C3-9D5A-9B4422A1BF25}.Release|Any CPU.ActiveCfg = Release|Any CPU
		{20B608E2-F461-46C3-9D5A-9B4422A1BF25}.Release|Any CPU.Build.0 = Release|Any CPU
		{20B608E2-F461-46C3-9D5A-9B4422A1BF25}.Release|x64.ActiveCfg = Release|Any CPU
		{20B608E2-F461-46C3-9D5A-9B4422A1BF25}.Release|x64.Build.0 = Release|Any CPU
		{20B608E2-F461-46C3-9D5A-9B4422A1BF25}.Release|x86.ActiveCfg = Release|Any CPU
		{20B608E2-F461-46C3-9D5A-9B4422A1BF25}.Release|x86.Build.0 = Release|Any CPU
		{9C551B1B-5425-4E6F-A3CD-9F0C2A695938}.Debug|Any CPU.ActiveCfg = Debug|Any CPU
		{9C551B1B-5425-4E6F-A3CD-9F0C2A695938}.Debug|Any CPU.Build.0 = Debug|Any CPU
		{9C551B1B-5425-4E6F-A3CD-9F0C2A695938}.Debug|x64.ActiveCfg = Debug|Any CPU
		{9C551B1B-5425-4E6F-A3CD-9F0C2A695938}.Debug|x64.Build.0 = Debug|Any CPU
		{9C551B1B-5425-4E6F-A3CD-9F0C2A695938}.Debug|x86.ActiveCfg = Debug|Any CPU
		{9C551B1B-5425-4E6F-A3CD-9F0C2A695938}.Debug|x86.Build.0 = Debug|Any CPU
		{9C551B1B-5425-4E6F-A3CD-9F0C2A695938}.Release|Any CPU.ActiveCfg = Release|Any CPU
		{9C551B1B-5425-4E6F-A3CD-9F0C2A695938}.Release|Any CPU.Build.0 = Release|Any CPU
		{9C551B1B-5425-4E6F-A3CD-9F0C2A695938}.Release|x64.ActiveCfg = Release|Any CPU
		{9C551B1B-5425-4E6F-A3CD-9F0C2A695938}.Release|x64.Build.0 = Release|Any CPU
		{9C551B1B-5425-4E6F-A3CD-9F0C2A695938}.Release|x86.ActiveCfg = Release|Any CPU
		{9C551B1B-5425-4E6F-A3CD-9F0C2A695938}.Release|x86.Build.0 = Release|Any CPU
		{AAEFC34D-93AB-40C6-99F4-1D69AF542DDF}.Debug|Any CPU.ActiveCfg = Debug|Any CPU
		{AAEFC34D-93AB-40C6-99F4-1D69AF542DDF}.Debug|Any CPU.Build.0 = Debug|Any CPU
		{AAEFC34D-93AB-40C6-99F4-1D69AF542DDF}.Debug|x64.ActiveCfg = Debug|Any CPU
		{AAEFC34D-93AB-40C6-99F4-1D69AF542DDF}.Debug|x64.Build.0 = Debug|Any CPU
		{AAEFC34D-93AB-40C6-99F4-1D69AF542DDF}.Debug|x86.ActiveCfg = Debug|Any CPU
		{AAEFC34D-93AB-40C6-99F4-1D69AF542DDF}.Debug|x86.Build.0 = Debug|Any CPU
		{AAEFC34D-93AB-40C6-99F4-1D69AF542DDF}.Release|Any CPU.ActiveCfg = Release|Any CPU
		{AAEFC34D-93AB-40C6-99F4-1D69AF542DDF}.Release|Any CPU.Build.0 = Release|Any CPU
		{AAEFC34D-93AB-40C6-99F4-1D69AF542DDF}.Release|x64.ActiveCfg = Release|Any CPU
		{AAEFC34D-93AB-40C6-99F4-1D69AF542DDF}.Release|x64.Build.0 = Release|Any CPU
		{AAEFC34D-93AB-40C6-99F4-1D69AF542DDF}.Release|x86.ActiveCfg = Release|Any CPU
		{AAEFC34D-93AB-40C6-99F4-1D69AF542DDF}.Release|x86.Build.0 = Release|Any CPU
		{10A34DBE-9D95-416A-8442-BFAD876F7BEB}.Debug|Any CPU.ActiveCfg = Debug|Any CPU
		{10A34DBE-9D95-416A-8442-BFAD876F7BEB}.Debug|Any CPU.Build.0 = Debug|Any CPU
		{10A34DBE-9D95-416A-8442-BFAD876F7BEB}.Debug|x64.ActiveCfg = Debug|Any CPU
		{10A34DBE-9D95-416A-8442-BFAD876F7BEB}.Debug|x64.Build.0 = Debug|Any CPU
		{10A34DBE-9D95-416A-8442-BFAD876F7BEB}.Debug|x86.ActiveCfg = Debug|Any CPU
		{10A34DBE-9D95-416A-8442-BFAD876F7BEB}.Debug|x86.Build.0 = Debug|Any CPU
		{10A34DBE-9D95-416A-8442-BFAD876F7BEB}.Release|Any CPU.ActiveCfg = Release|Any CPU
		{10A34DBE-9D95-416A-8442-BFAD876F7BEB}.Release|Any CPU.Build.0 = Release|Any CPU
		{10A34DBE-9D95-416A-8442-BFAD876F7BEB}.Release|x64.ActiveCfg = Release|Any CPU
		{10A34DBE-9D95-416A-8442-BFAD876F7BEB}.Release|x64.Build.0 = Release|Any CPU
		{10A34DBE-9D95-416A-8442-BFAD876F7BEB}.Release|x86.ActiveCfg = Release|Any CPU
		{10A34DBE-9D95-416A-8442-BFAD876F7BEB}.Release|x86.Build.0 = Release|Any CPU
		{6B74BCF5-21DB-4EC3-AA5C-E77A8759A4A4}.Debug|Any CPU.ActiveCfg = Debug|Any CPU
		{6B74BCF5-21DB-4EC3-AA5C-E77A8759A4A4}.Debug|Any CPU.Build.0 = Debug|Any CPU
		{6B74BCF5-21DB-4EC3-AA5C-E77A8759A4A4}.Debug|x64.ActiveCfg = Debug|Any CPU
		{6B74BCF5-21DB-4EC3-AA5C-E77A8759A4A4}.Debug|x64.Build.0 = Debug|Any CPU
		{6B74BCF5-21DB-4EC3-AA5C-E77A8759A4A4}.Debug|x86.ActiveCfg = Debug|Any CPU
		{6B74BCF5-21DB-4EC3-AA5C-E77A8759A4A4}.Debug|x86.Build.0 = Debug|Any CPU
		{6B74BCF5-21DB-4EC3-AA5C-E77A8759A4A4}.Release|Any CPU.ActiveCfg = Release|Any CPU
		{6B74BCF5-21DB-4EC3-AA5C-E77A8759A4A4}.Release|Any CPU.Build.0 = Release|Any CPU
		{6B74BCF5-21DB-4EC3-AA5C-E77A8759A4A4}.Release|x64.ActiveCfg = Release|Any CPU
		{6B74BCF5-21DB-4EC3-AA5C-E77A8759A4A4}.Release|x64.Build.0 = Release|Any CPU
		{6B74BCF5-21DB-4EC3-AA5C-E77A8759A4A4}.Release|x86.ActiveCfg = Release|Any CPU
		{6B74BCF5-21DB-4EC3-AA5C-E77A8759A4A4}.Release|x86.Build.0 = Release|Any CPU
		{68231AA8-0282-4CA0-8B09-E8F47DBDA5FB}.Debug|Any CPU.ActiveCfg = Debug|Any CPU
		{68231AA8-0282-4CA0-8B09-E8F47DBDA5FB}.Debug|Any CPU.Build.0 = Debug|Any CPU
		{68231AA8-0282-4CA0-8B09-E8F47DBDA5FB}.Debug|x64.ActiveCfg = Debug|Any CPU
		{68231AA8-0282-4CA0-8B09-E8F47DBDA5FB}.Debug|x64.Build.0 = Debug|Any CPU
		{68231AA8-0282-4CA0-8B09-E8F47DBDA5FB}.Debug|x86.ActiveCfg = Debug|Any CPU
		{68231AA8-0282-4CA0-8B09-E8F47DBDA5FB}.Debug|x86.Build.0 = Debug|Any CPU
		{68231AA8-0282-4CA0-8B09-E8F47DBDA5FB}.Release|Any CPU.ActiveCfg = Release|Any CPU
		{68231AA8-0282-4CA0-8B09-E8F47DBDA5FB}.Release|Any CPU.Build.0 = Release|Any CPU
		{68231AA8-0282-4CA0-8B09-E8F47DBDA5FB}.Release|x64.ActiveCfg = Release|Any CPU
		{68231AA8-0282-4CA0-8B09-E8F47DBDA5FB}.Release|x64.Build.0 = Release|Any CPU
		{68231AA8-0282-4CA0-8B09-E8F47DBDA5FB}.Release|x86.ActiveCfg = Release|Any CPU
		{68231AA8-0282-4CA0-8B09-E8F47DBDA5FB}.Release|x86.Build.0 = Release|Any CPU
		{BC7A7CAB-7921-4812-8D8B-4CBBC7B31CF4}.Debug|Any CPU.ActiveCfg = Debug|Any CPU
		{BC7A7CAB-7921-4812-8D8B-4CBBC7B31CF4}.Debug|Any CPU.Build.0 = Debug|Any CPU
		{BC7A7CAB-7921-4812-8D8B-4CBBC7B31CF4}.Debug|x64.ActiveCfg = Debug|Any CPU
		{BC7A7CAB-7921-4812-8D8B-4CBBC7B31CF4}.Debug|x64.Build.0 = Debug|Any CPU
		{BC7A7CAB-7921-4812-8D8B-4CBBC7B31CF4}.Debug|x86.ActiveCfg = Debug|Any CPU
		{BC7A7CAB-7921-4812-8D8B-4CBBC7B31CF4}.Debug|x86.Build.0 = Debug|Any CPU
		{BC7A7CAB-7921-4812-8D8B-4CBBC7B31CF4}.Release|Any CPU.ActiveCfg = Release|Any CPU
		{BC7A7CAB-7921-4812-8D8B-4CBBC7B31CF4}.Release|Any CPU.Build.0 = Release|Any CPU
		{BC7A7CAB-7921-4812-8D8B-4CBBC7B31CF4}.Release|x64.ActiveCfg = Release|Any CPU
		{BC7A7CAB-7921-4812-8D8B-4CBBC7B31CF4}.Release|x64.Build.0 = Release|Any CPU
		{BC7A7CAB-7921-4812-8D8B-4CBBC7B31CF4}.Release|x86.ActiveCfg = Release|Any CPU
		{BC7A7CAB-7921-4812-8D8B-4CBBC7B31CF4}.Release|x86.Build.0 = Release|Any CPU
		{BB6EEF56-C1A7-41EF-B241-0A5A3DB575B1}.Debug|Any CPU.ActiveCfg = Debug|Any CPU
		{BB6EEF56-C1A7-41EF-B241-0A5A3DB575B1}.Debug|Any CPU.Build.0 = Debug|Any CPU
		{BB6EEF56-C1A7-41EF-B241-0A5A3DB575B1}.Debug|x64.ActiveCfg = Debug|Any CPU
		{BB6EEF56-C1A7-41EF-B241-0A5A3DB575B1}.Debug|x64.Build.0 = Debug|Any CPU
		{BB6EEF56-C1A7-41EF-B241-0A5A3DB575B1}.Debug|x86.ActiveCfg = Debug|Any CPU
		{BB6EEF56-C1A7-41EF-B241-0A5A3DB575B1}.Debug|x86.Build.0 = Debug|Any CPU
		{BB6EEF56-C1A7-41EF-B241-0A5A3DB575B1}.Release|Any CPU.ActiveCfg = Release|Any CPU
		{BB6EEF56-C1A7-41EF-B241-0A5A3DB575B1}.Release|Any CPU.Build.0 = Release|Any CPU
		{BB6EEF56-C1A7-41EF-B241-0A5A3DB575B1}.Release|x64.ActiveCfg = Release|Any CPU
		{BB6EEF56-C1A7-41EF-B241-0A5A3DB575B1}.Release|x64.Build.0 = Release|Any CPU
		{BB6EEF56-C1A7-41EF-B241-0A5A3DB575B1}.Release|x86.ActiveCfg = Release|Any CPU
		{BB6EEF56-C1A7-41EF-B241-0A5A3DB575B1}.Release|x86.Build.0 = Release|Any CPU
		{8FC2C145-7271-47C4-9FA0-C6CB5AD72C94}.Debug|Any CPU.ActiveCfg = Debug|Any CPU
		{8FC2C145-7271-47C4-9FA0-C6CB5AD72C94}.Debug|Any CPU.Build.0 = Debug|Any CPU
		{8FC2C145-7271-47C4-9FA0-C6CB5AD72C94}.Debug|x64.ActiveCfg = Debug|Any CPU
		{8FC2C145-7271-47C4-9FA0-C6CB5AD72C94}.Debug|x64.Build.0 = Debug|Any CPU
		{8FC2C145-7271-47C4-9FA0-C6CB5AD72C94}.Debug|x86.ActiveCfg = Debug|Any CPU
		{8FC2C145-7271-47C4-9FA0-C6CB5AD72C94}.Debug|x86.Build.0 = Debug|Any CPU
		{8FC2C145-7271-47C4-9FA0-C6CB5AD72C94}.Release|Any CPU.ActiveCfg = Release|Any CPU
		{8FC2C145-7271-47C4-9FA0-C6CB5AD72C94}.Release|Any CPU.Build.0 = Release|Any CPU
		{8FC2C145-7271-47C4-9FA0-C6CB5AD72C94}.Release|x64.ActiveCfg = Release|Any CPU
		{8FC2C145-7271-47C4-9FA0-C6CB5AD72C94}.Release|x64.Build.0 = Release|Any CPU
		{8FC2C145-7271-47C4-9FA0-C6CB5AD72C94}.Release|x86.ActiveCfg = Release|Any CPU
		{8FC2C145-7271-47C4-9FA0-C6CB5AD72C94}.Release|x86.Build.0 = Release|Any CPU
		{18292C60-D56C-4B02-A0A2-790DC0133C17}.Debug|Any CPU.ActiveCfg = Debug|Any CPU
		{18292C60-D56C-4B02-A0A2-790DC0133C17}.Debug|Any CPU.Build.0 = Debug|Any CPU
		{18292C60-D56C-4B02-A0A2-790DC0133C17}.Debug|x64.ActiveCfg = Debug|Any CPU
		{18292C60-D56C-4B02-A0A2-790DC0133C17}.Debug|x64.Build.0 = Debug|Any CPU
		{18292C60-D56C-4B02-A0A2-790DC0133C17}.Debug|x86.ActiveCfg = Debug|Any CPU
		{18292C60-D56C-4B02-A0A2-790DC0133C17}.Debug|x86.Build.0 = Debug|Any CPU
		{18292C60-D56C-4B02-A0A2-790DC0133C17}.Release|Any CPU.ActiveCfg = Release|Any CPU
		{18292C60-D56C-4B02-A0A2-790DC0133C17}.Release|Any CPU.Build.0 = Release|Any CPU
		{18292C60-D56C-4B02-A0A2-790DC0133C17}.Release|x64.ActiveCfg = Release|Any CPU
		{18292C60-D56C-4B02-A0A2-790DC0133C17}.Release|x64.Build.0 = Release|Any CPU
		{18292C60-D56C-4B02-A0A2-790DC0133C17}.Release|x86.ActiveCfg = Release|Any CPU
		{18292C60-D56C-4B02-A0A2-790DC0133C17}.Release|x86.Build.0 = Release|Any CPU
		{7A60A147-8ECA-441C-8B16-F7CF85F7D298}.Debug|Any CPU.ActiveCfg = Debug|Any CPU
		{7A60A147-8ECA-441C-8B16-F7CF85F7D298}.Debug|Any CPU.Build.0 = Debug|Any CPU
		{7A60A147-8ECA-441C-8B16-F7CF85F7D298}.Debug|x64.ActiveCfg = Debug|Any CPU
		{7A60A147-8ECA-441C-8B16-F7CF85F7D298}.Debug|x64.Build.0 = Debug|Any CPU
		{7A60A147-8ECA-441C-8B16-F7CF85F7D298}.Debug|x86.ActiveCfg = Debug|Any CPU
		{7A60A147-8ECA-441C-8B16-F7CF85F7D298}.Debug|x86.Build.0 = Debug|Any CPU
		{7A60A147-8ECA-441C-8B16-F7CF85F7D298}.Release|Any CPU.ActiveCfg = Release|Any CPU
		{7A60A147-8ECA-441C-8B16-F7CF85F7D298}.Release|Any CPU.Build.0 = Release|Any CPU
		{7A60A147-8ECA-441C-8B16-F7CF85F7D298}.Release|x64.ActiveCfg = Release|Any CPU
		{7A60A147-8ECA-441C-8B16-F7CF85F7D298}.Release|x64.Build.0 = Release|Any CPU
		{7A60A147-8ECA-441C-8B16-F7CF85F7D298}.Release|x86.ActiveCfg = Release|Any CPU
		{7A60A147-8ECA-441C-8B16-F7CF85F7D298}.Release|x86.Build.0 = Release|Any CPU
		{924F06BA-847C-4CA9-A0C8-ADE85F516E68}.Debug|Any CPU.ActiveCfg = Debug|Any CPU
		{924F06BA-847C-4CA9-A0C8-ADE85F516E68}.Debug|Any CPU.Build.0 = Debug|Any CPU
		{924F06BA-847C-4CA9-A0C8-ADE85F516E68}.Debug|x64.ActiveCfg = Debug|Any CPU
		{924F06BA-847C-4CA9-A0C8-ADE85F516E68}.Debug|x64.Build.0 = Debug|Any CPU
		{924F06BA-847C-4CA9-A0C8-ADE85F516E68}.Debug|x86.ActiveCfg = Debug|Any CPU
		{924F06BA-847C-4CA9-A0C8-ADE85F516E68}.Debug|x86.Build.0 = Debug|Any CPU
		{924F06BA-847C-4CA9-A0C8-ADE85F516E68}.Release|Any CPU.ActiveCfg = Release|Any CPU
		{924F06BA-847C-4CA9-A0C8-ADE85F516E68}.Release|Any CPU.Build.0 = Release|Any CPU
		{924F06BA-847C-4CA9-A0C8-ADE85F516E68}.Release|x64.ActiveCfg = Release|Any CPU
		{924F06BA-847C-4CA9-A0C8-ADE85F516E68}.Release|x64.Build.0 = Release|Any CPU
		{924F06BA-847C-4CA9-A0C8-ADE85F516E68}.Release|x86.ActiveCfg = Release|Any CPU
		{924F06BA-847C-4CA9-A0C8-ADE85F516E68}.Release|x86.Build.0 = Release|Any CPU
		{CD723C70-5962-46E0-9E59-405E8CA436CD}.Debug|Any CPU.ActiveCfg = Debug|Any CPU
		{CD723C70-5962-46E0-9E59-405E8CA436CD}.Debug|Any CPU.Build.0 = Debug|Any CPU
		{CD723C70-5962-46E0-9E59-405E8CA436CD}.Debug|x64.ActiveCfg = Debug|Any CPU
		{CD723C70-5962-46E0-9E59-405E8CA436CD}.Debug|x64.Build.0 = Debug|Any CPU
		{CD723C70-5962-46E0-9E59-405E8CA436CD}.Debug|x86.ActiveCfg = Debug|Any CPU
		{CD723C70-5962-46E0-9E59-405E8CA436CD}.Debug|x86.Build.0 = Debug|Any CPU
		{CD723C70-5962-46E0-9E59-405E8CA436CD}.Release|Any CPU.ActiveCfg = Release|Any CPU
		{CD723C70-5962-46E0-9E59-405E8CA436CD}.Release|Any CPU.Build.0 = Release|Any CPU
		{CD723C70-5962-46E0-9E59-405E8CA436CD}.Release|x64.ActiveCfg = Release|Any CPU
		{CD723C70-5962-46E0-9E59-405E8CA436CD}.Release|x64.Build.0 = Release|Any CPU
		{CD723C70-5962-46E0-9E59-405E8CA436CD}.Release|x86.ActiveCfg = Release|Any CPU
		{CD723C70-5962-46E0-9E59-405E8CA436CD}.Release|x86.Build.0 = Release|Any CPU
		{E56899FC-0EF4-44F0-9F73-70A103C7C802}.Debug|Any CPU.ActiveCfg = Debug|Any CPU
		{E56899FC-0EF4-44F0-9F73-70A103C7C802}.Debug|Any CPU.Build.0 = Debug|Any CPU
		{E56899FC-0EF4-44F0-9F73-70A103C7C802}.Debug|x64.ActiveCfg = Debug|Any CPU
		{E56899FC-0EF4-44F0-9F73-70A103C7C802}.Debug|x64.Build.0 = Debug|Any CPU
		{E56899FC-0EF4-44F0-9F73-70A103C7C802}.Debug|x86.ActiveCfg = Debug|Any CPU
		{E56899FC-0EF4-44F0-9F73-70A103C7C802}.Debug|x86.Build.0 = Debug|Any CPU
		{E56899FC-0EF4-44F0-9F73-70A103C7C802}.Release|Any CPU.ActiveCfg = Release|Any CPU
		{E56899FC-0EF4-44F0-9F73-70A103C7C802}.Release|Any CPU.Build.0 = Release|Any CPU
		{E56899FC-0EF4-44F0-9F73-70A103C7C802}.Release|x64.ActiveCfg = Release|Any CPU
		{E56899FC-0EF4-44F0-9F73-70A103C7C802}.Release|x64.Build.0 = Release|Any CPU
		{E56899FC-0EF4-44F0-9F73-70A103C7C802}.Release|x86.ActiveCfg = Release|Any CPU
		{E56899FC-0EF4-44F0-9F73-70A103C7C802}.Release|x86.Build.0 = Release|Any CPU
		{BE5F016F-E09D-4DB1-8A23-8E89B68E569E}.Debug|Any CPU.ActiveCfg = Debug|Any CPU
		{BE5F016F-E09D-4DB1-8A23-8E89B68E569E}.Debug|Any CPU.Build.0 = Debug|Any CPU
		{BE5F016F-E09D-4DB1-8A23-8E89B68E569E}.Debug|x64.ActiveCfg = Debug|Any CPU
		{BE5F016F-E09D-4DB1-8A23-8E89B68E569E}.Debug|x64.Build.0 = Debug|Any CPU
		{BE5F016F-E09D-4DB1-8A23-8E89B68E569E}.Debug|x86.ActiveCfg = Debug|Any CPU
		{BE5F016F-E09D-4DB1-8A23-8E89B68E569E}.Debug|x86.Build.0 = Debug|Any CPU
		{BE5F016F-E09D-4DB1-8A23-8E89B68E569E}.Release|Any CPU.ActiveCfg = Release|Any CPU
		{BE5F016F-E09D-4DB1-8A23-8E89B68E569E}.Release|Any CPU.Build.0 = Release|Any CPU
		{BE5F016F-E09D-4DB1-8A23-8E89B68E569E}.Release|x64.ActiveCfg = Release|Any CPU
		{BE5F016F-E09D-4DB1-8A23-8E89B68E569E}.Release|x64.Build.0 = Release|Any CPU
		{BE5F016F-E09D-4DB1-8A23-8E89B68E569E}.Release|x86.ActiveCfg = Release|Any CPU
		{BE5F016F-E09D-4DB1-8A23-8E89B68E569E}.Release|x86.Build.0 = Release|Any CPU
		{8BE93322-BE97-4AFE-8DA1-32E2DCCFA5AA}.Debug|Any CPU.ActiveCfg = Debug|Any CPU
		{8BE93322-BE97-4AFE-8DA1-32E2DCCFA5AA}.Debug|Any CPU.Build.0 = Debug|Any CPU
		{8BE93322-BE97-4AFE-8DA1-32E2DCCFA5AA}.Debug|x64.ActiveCfg = Debug|Any CPU
		{8BE93322-BE97-4AFE-8DA1-32E2DCCFA5AA}.Debug|x64.Build.0 = Debug|Any CPU
		{8BE93322-BE97-4AFE-8DA1-32E2DCCFA5AA}.Debug|x86.ActiveCfg = Debug|Any CPU
		{8BE93322-BE97-4AFE-8DA1-32E2DCCFA5AA}.Debug|x86.Build.0 = Debug|Any CPU
		{8BE93322-BE97-4AFE-8DA1-32E2DCCFA5AA}.Release|Any CPU.ActiveCfg = Release|Any CPU
		{8BE93322-BE97-4AFE-8DA1-32E2DCCFA5AA}.Release|Any CPU.Build.0 = Release|Any CPU
		{8BE93322-BE97-4AFE-8DA1-32E2DCCFA5AA}.Release|x64.ActiveCfg = Release|Any CPU
		{8BE93322-BE97-4AFE-8DA1-32E2DCCFA5AA}.Release|x64.Build.0 = Release|Any CPU
		{8BE93322-BE97-4AFE-8DA1-32E2DCCFA5AA}.Release|x86.ActiveCfg = Release|Any CPU
		{8BE93322-BE97-4AFE-8DA1-32E2DCCFA5AA}.Release|x86.Build.0 = Release|Any CPU
		{436F0F5D-62C1-411E-9F7A-B332CEC52215}.Debug|Any CPU.ActiveCfg = Debug|Any CPU
		{436F0F5D-62C1-411E-9F7A-B332CEC52215}.Debug|Any CPU.Build.0 = Debug|Any CPU
		{436F0F5D-62C1-411E-9F7A-B332CEC52215}.Debug|x64.ActiveCfg = Debug|Any CPU
		{436F0F5D-62C1-411E-9F7A-B332CEC52215}.Debug|x64.Build.0 = Debug|Any CPU
		{436F0F5D-62C1-411E-9F7A-B332CEC52215}.Debug|x86.ActiveCfg = Debug|Any CPU
		{436F0F5D-62C1-411E-9F7A-B332CEC52215}.Debug|x86.Build.0 = Debug|Any CPU
		{436F0F5D-62C1-411E-9F7A-B332CEC52215}.Release|Any CPU.ActiveCfg = Release|Any CPU
		{436F0F5D-62C1-411E-9F7A-B332CEC52215}.Release|Any CPU.Build.0 = Release|Any CPU
		{436F0F5D-62C1-411E-9F7A-B332CEC52215}.Release|x64.ActiveCfg = Release|Any CPU
		{436F0F5D-62C1-411E-9F7A-B332CEC52215}.Release|x64.Build.0 = Release|Any CPU
		{436F0F5D-62C1-411E-9F7A-B332CEC52215}.Release|x86.ActiveCfg = Release|Any CPU
		{436F0F5D-62C1-411E-9F7A-B332CEC52215}.Release|x86.Build.0 = Release|Any CPU
		{D2468149-C212-49E3-B6DE-FADF77C03970}.Debug|Any CPU.ActiveCfg = Debug|Any CPU
		{D2468149-C212-49E3-B6DE-FADF77C03970}.Debug|Any CPU.Build.0 = Debug|Any CPU
		{D2468149-C212-49E3-B6DE-FADF77C03970}.Debug|x64.ActiveCfg = Debug|Any CPU
		{D2468149-C212-49E3-B6DE-FADF77C03970}.Debug|x64.Build.0 = Debug|Any CPU
		{D2468149-C212-49E3-B6DE-FADF77C03970}.Debug|x86.ActiveCfg = Debug|Any CPU
		{D2468149-C212-49E3-B6DE-FADF77C03970}.Debug|x86.Build.0 = Debug|Any CPU
		{D2468149-C212-49E3-B6DE-FADF77C03970}.Release|Any CPU.ActiveCfg = Release|Any CPU
		{D2468149-C212-49E3-B6DE-FADF77C03970}.Release|Any CPU.Build.0 = Release|Any CPU
		{D2468149-C212-49E3-B6DE-FADF77C03970}.Release|x64.ActiveCfg = Release|Any CPU
		{D2468149-C212-49E3-B6DE-FADF77C03970}.Release|x64.Build.0 = Release|Any CPU
		{D2468149-C212-49E3-B6DE-FADF77C03970}.Release|x86.ActiveCfg = Release|Any CPU
		{D2468149-C212-49E3-B6DE-FADF77C03970}.Release|x86.Build.0 = Release|Any CPU
		{AFAA8F11-0BE4-45BE-AB1D-CDF2FDF23242}.Debug|Any CPU.ActiveCfg = Debug|Any CPU
		{AFAA8F11-0BE4-45BE-AB1D-CDF2FDF23242}.Debug|Any CPU.Build.0 = Debug|Any CPU
		{AFAA8F11-0BE4-45BE-AB1D-CDF2FDF23242}.Debug|x64.ActiveCfg = Debug|Any CPU
		{AFAA8F11-0BE4-45BE-AB1D-CDF2FDF23242}.Debug|x64.Build.0 = Debug|Any CPU
		{AFAA8F11-0BE4-45BE-AB1D-CDF2FDF23242}.Debug|x86.ActiveCfg = Debug|Any CPU
		{AFAA8F11-0BE4-45BE-AB1D-CDF2FDF23242}.Debug|x86.Build.0 = Debug|Any CPU
		{AFAA8F11-0BE4-45BE-AB1D-CDF2FDF23242}.Release|Any CPU.ActiveCfg = Release|Any CPU
		{AFAA8F11-0BE4-45BE-AB1D-CDF2FDF23242}.Release|Any CPU.Build.0 = Release|Any CPU
		{AFAA8F11-0BE4-45BE-AB1D-CDF2FDF23242}.Release|x64.ActiveCfg = Release|Any CPU
		{AFAA8F11-0BE4-45BE-AB1D-CDF2FDF23242}.Release|x64.Build.0 = Release|Any CPU
		{AFAA8F11-0BE4-45BE-AB1D-CDF2FDF23242}.Release|x86.ActiveCfg = Release|Any CPU
		{AFAA8F11-0BE4-45BE-AB1D-CDF2FDF23242}.Release|x86.Build.0 = Release|Any CPU
		{B5DB2C4B-0214-4AE9-ABB5-8788F2139B8E}.Debug|Any CPU.ActiveCfg = Debug|Any CPU
		{B5DB2C4B-0214-4AE9-ABB5-8788F2139B8E}.Debug|Any CPU.Build.0 = Debug|Any CPU
		{B5DB2C4B-0214-4AE9-ABB5-8788F2139B8E}.Debug|x64.ActiveCfg = Debug|Any CPU
		{B5DB2C4B-0214-4AE9-ABB5-8788F2139B8E}.Debug|x64.Build.0 = Debug|Any CPU
		{B5DB2C4B-0214-4AE9-ABB5-8788F2139B8E}.Debug|x86.ActiveCfg = Debug|Any CPU
		{B5DB2C4B-0214-4AE9-ABB5-8788F2139B8E}.Debug|x86.Build.0 = Debug|Any CPU
		{B5DB2C4B-0214-4AE9-ABB5-8788F2139B8E}.Release|Any CPU.ActiveCfg = Release|Any CPU
		{B5DB2C4B-0214-4AE9-ABB5-8788F2139B8E}.Release|Any CPU.Build.0 = Release|Any CPU
		{B5DB2C4B-0214-4AE9-ABB5-8788F2139B8E}.Release|x64.ActiveCfg = Release|Any CPU
		{B5DB2C4B-0214-4AE9-ABB5-8788F2139B8E}.Release|x64.Build.0 = Release|Any CPU
		{B5DB2C4B-0214-4AE9-ABB5-8788F2139B8E}.Release|x86.ActiveCfg = Release|Any CPU
		{B5DB2C4B-0214-4AE9-ABB5-8788F2139B8E}.Release|x86.Build.0 = Release|Any CPU
		{6467F735-9D0D-493F-A7A8-BB4A5C346136}.Debug|Any CPU.ActiveCfg = Debug|Any CPU
		{6467F735-9D0D-493F-A7A8-BB4A5C346136}.Debug|Any CPU.Build.0 = Debug|Any CPU
		{6467F735-9D0D-493F-A7A8-BB4A5C346136}.Debug|x64.ActiveCfg = Debug|Any CPU
		{6467F735-9D0D-493F-A7A8-BB4A5C346136}.Debug|x64.Build.0 = Debug|Any CPU
		{6467F735-9D0D-493F-A7A8-BB4A5C346136}.Debug|x86.ActiveCfg = Debug|Any CPU
		{6467F735-9D0D-493F-A7A8-BB4A5C346136}.Debug|x86.Build.0 = Debug|Any CPU
		{6467F735-9D0D-493F-A7A8-BB4A5C346136}.Release|Any CPU.ActiveCfg = Release|Any CPU
		{6467F735-9D0D-493F-A7A8-BB4A5C346136}.Release|Any CPU.Build.0 = Release|Any CPU
		{6467F735-9D0D-493F-A7A8-BB4A5C346136}.Release|x64.ActiveCfg = Release|Any CPU
		{6467F735-9D0D-493F-A7A8-BB4A5C346136}.Release|x64.Build.0 = Release|Any CPU
		{6467F735-9D0D-493F-A7A8-BB4A5C346136}.Release|x86.ActiveCfg = Release|Any CPU
		{6467F735-9D0D-493F-A7A8-BB4A5C346136}.Release|x86.Build.0 = Release|Any CPU
		{1A220F68-2D15-49CC-A0AA-95241BC3097E}.Debug|Any CPU.ActiveCfg = Debug|Any CPU
		{1A220F68-2D15-49CC-A0AA-95241BC3097E}.Debug|Any CPU.Build.0 = Debug|Any CPU
		{1A220F68-2D15-49CC-A0AA-95241BC3097E}.Debug|x64.ActiveCfg = Debug|Any CPU
		{1A220F68-2D15-49CC-A0AA-95241BC3097E}.Debug|x64.Build.0 = Debug|Any CPU
		{1A220F68-2D15-49CC-A0AA-95241BC3097E}.Debug|x86.ActiveCfg = Debug|Any CPU
		{1A220F68-2D15-49CC-A0AA-95241BC3097E}.Debug|x86.Build.0 = Debug|Any CPU
		{1A220F68-2D15-49CC-A0AA-95241BC3097E}.Release|Any CPU.ActiveCfg = Release|Any CPU
		{1A220F68-2D15-49CC-A0AA-95241BC3097E}.Release|Any CPU.Build.0 = Release|Any CPU
		{1A220F68-2D15-49CC-A0AA-95241BC3097E}.Release|x64.ActiveCfg = Release|Any CPU
		{1A220F68-2D15-49CC-A0AA-95241BC3097E}.Release|x64.Build.0 = Release|Any CPU
		{1A220F68-2D15-49CC-A0AA-95241BC3097E}.Release|x86.ActiveCfg = Release|Any CPU
		{1A220F68-2D15-49CC-A0AA-95241BC3097E}.Release|x86.Build.0 = Release|Any CPU
		{D4C6F4F9-E536-4F6C-A6A8-8B1714DB4D6F}.Debug|Any CPU.ActiveCfg = Debug|Any CPU
		{D4C6F4F9-E536-4F6C-A6A8-8B1714DB4D6F}.Debug|Any CPU.Build.0 = Debug|Any CPU
		{D4C6F4F9-E536-4F6C-A6A8-8B1714DB4D6F}.Debug|x64.ActiveCfg = Debug|Any CPU
		{D4C6F4F9-E536-4F6C-A6A8-8B1714DB4D6F}.Debug|x64.Build.0 = Debug|Any CPU
		{D4C6F4F9-E536-4F6C-A6A8-8B1714DB4D6F}.Debug|x86.ActiveCfg = Debug|Any CPU
		{D4C6F4F9-E536-4F6C-A6A8-8B1714DB4D6F}.Debug|x86.Build.0 = Debug|Any CPU
		{D4C6F4F9-E536-4F6C-A6A8-8B1714DB4D6F}.Release|Any CPU.ActiveCfg = Release|Any CPU
		{D4C6F4F9-E536-4F6C-A6A8-8B1714DB4D6F}.Release|Any CPU.Build.0 = Release|Any CPU
		{D4C6F4F9-E536-4F6C-A6A8-8B1714DB4D6F}.Release|x64.ActiveCfg = Release|Any CPU
		{D4C6F4F9-E536-4F6C-A6A8-8B1714DB4D6F}.Release|x64.Build.0 = Release|Any CPU
		{D4C6F4F9-E536-4F6C-A6A8-8B1714DB4D6F}.Release|x86.ActiveCfg = Release|Any CPU
		{D4C6F4F9-E536-4F6C-A6A8-8B1714DB4D6F}.Release|x86.Build.0 = Release|Any CPU
		{A9CD2E7C-37DB-4492-8284-2156564E8658}.Debug|Any CPU.ActiveCfg = Debug|Any CPU
		{A9CD2E7C-37DB-4492-8284-2156564E8658}.Debug|Any CPU.Build.0 = Debug|Any CPU
		{A9CD2E7C-37DB-4492-8284-2156564E8658}.Debug|x64.ActiveCfg = Debug|Any CPU
		{A9CD2E7C-37DB-4492-8284-2156564E8658}.Debug|x64.Build.0 = Debug|Any CPU
		{A9CD2E7C-37DB-4492-8284-2156564E8658}.Debug|x86.ActiveCfg = Debug|Any CPU
		{A9CD2E7C-37DB-4492-8284-2156564E8658}.Debug|x86.Build.0 = Debug|Any CPU
		{A9CD2E7C-37DB-4492-8284-2156564E8658}.Release|Any CPU.ActiveCfg = Release|Any CPU
		{A9CD2E7C-37DB-4492-8284-2156564E8658}.Release|Any CPU.Build.0 = Release|Any CPU
		{A9CD2E7C-37DB-4492-8284-2156564E8658}.Release|x64.ActiveCfg = Release|Any CPU
		{A9CD2E7C-37DB-4492-8284-2156564E8658}.Release|x64.Build.0 = Release|Any CPU
		{A9CD2E7C-37DB-4492-8284-2156564E8658}.Release|x86.ActiveCfg = Release|Any CPU
		{A9CD2E7C-37DB-4492-8284-2156564E8658}.Release|x86.Build.0 = Release|Any CPU
		{5CA8A63A-4A6B-44D4-0B77-2FE3EE4AC5A1}.Debug|Any CPU.ActiveCfg = Debug|Any CPU
		{5CA8A63A-4A6B-44D4-0B77-2FE3EE4AC5A1}.Debug|Any CPU.Build.0 = Debug|Any CPU
		{5CA8A63A-4A6B-44D4-0B77-2FE3EE4AC5A1}.Debug|x64.ActiveCfg = Debug|Any CPU
		{5CA8A63A-4A6B-44D4-0B77-2FE3EE4AC5A1}.Debug|x64.Build.0 = Debug|Any CPU
		{5CA8A63A-4A6B-44D4-0B77-2FE3EE4AC5A1}.Debug|x86.ActiveCfg = Debug|Any CPU
		{5CA8A63A-4A6B-44D4-0B77-2FE3EE4AC5A1}.Debug|x86.Build.0 = Debug|Any CPU
		{5CA8A63A-4A6B-44D4-0B77-2FE3EE4AC5A1}.Release|Any CPU.ActiveCfg = Release|Any CPU
		{5CA8A63A-4A6B-44D4-0B77-2FE3EE4AC5A1}.Release|Any CPU.Build.0 = Release|Any CPU
		{5CA8A63A-4A6B-44D4-0B77-2FE3EE4AC5A1}.Release|x64.ActiveCfg = Release|Any CPU
		{5CA8A63A-4A6B-44D4-0B77-2FE3EE4AC5A1}.Release|x64.Build.0 = Release|Any CPU
		{5CA8A63A-4A6B-44D4-0B77-2FE3EE4AC5A1}.Release|x86.ActiveCfg = Release|Any CPU
		{5CA8A63A-4A6B-44D4-0B77-2FE3EE4AC5A1}.Release|x86.Build.0 = Release|Any CPU
		{98D80CCC-CE9A-442A-8EE0-7204BA6204A0}.Debug|Any CPU.ActiveCfg = Debug|Any CPU
		{98D80CCC-CE9A-442A-8EE0-7204BA6204A0}.Debug|Any CPU.Build.0 = Debug|Any CPU
		{98D80CCC-CE9A-442A-8EE0-7204BA6204A0}.Debug|x64.ActiveCfg = Debug|Any CPU
		{98D80CCC-CE9A-442A-8EE0-7204BA6204A0}.Debug|x64.Build.0 = Debug|Any CPU
		{98D80CCC-CE9A-442A-8EE0-7204BA6204A0}.Debug|x86.ActiveCfg = Debug|Any CPU
		{98D80CCC-CE9A-442A-8EE0-7204BA6204A0}.Debug|x86.Build.0 = Debug|Any CPU
		{98D80CCC-CE9A-442A-8EE0-7204BA6204A0}.Release|Any CPU.ActiveCfg = Release|Any CPU
		{98D80CCC-CE9A-442A-8EE0-7204BA6204A0}.Release|Any CPU.Build.0 = Release|Any CPU
		{98D80CCC-CE9A-442A-8EE0-7204BA6204A0}.Release|x64.ActiveCfg = Release|Any CPU
		{98D80CCC-CE9A-442A-8EE0-7204BA6204A0}.Release|x64.Build.0 = Release|Any CPU
		{98D80CCC-CE9A-442A-8EE0-7204BA6204A0}.Release|x86.ActiveCfg = Release|Any CPU
		{98D80CCC-CE9A-442A-8EE0-7204BA6204A0}.Release|x86.Build.0 = Release|Any CPU
	EndGlobalSection
	GlobalSection(SolutionProperties) = preSolution
		HideSolutionNode = FALSE
	EndGlobalSection
	GlobalSection(NestedProjects) = preSolution
		{ACAFF227-C307-C93B-24FB-255AEFB27327} = {9A0CCAB9-4303-13B4-2371-F1B97FF5B728}
		{AA0000D6-7F5D-4891-BC13-BFAE7BDA3F86} = {ACAFF227-C307-C93B-24FB-255AEFB27327}
		{8A7CE0F7-4089-4D1B-840A-3F07F995A0E1} = {ACAFF227-C307-C93B-24FB-255AEFB27327}
		{2C3A69F7-E199-48AC-91FA-6CAED3DB4C10} = {ACAFF227-C307-C93B-24FB-255AEFB27327}
		{286C94C8-800A-468B-A953-FD0AFAD4941F} = {ACAFF227-C307-C93B-24FB-255AEFB27327}
		{2BA19C65-CD58-4DE1-9AC6-B2CFF1FE578B} = {ACAFF227-C307-C93B-24FB-255AEFB27327}
		{433931D1-53B8-4B75-A8A1-7B617C09E7D1} = {ACAFF227-C307-C93B-24FB-255AEFB27327}
		{A3272638-99DE-4AA8-B35E-63390133975A} = {ACAFF227-C307-C93B-24FB-255AEFB27327}
		{FEBA8EE5-37C5-47CF-8543-DEC9BCF9A769} = {ACAFF227-C307-C93B-24FB-255AEFB27327}
		{763691FA-5CCF-4BD4-B08D-C4E726424047} = {ACAFF227-C307-C93B-24FB-255AEFB27327}
		{FDF02BD3-013A-4754-9EDA-4273F376F329} = {ACAFF227-C307-C93B-24FB-255AEFB27327}
		{430DFA16-5C47-4B3A-A4C0-9F7DD31A4BC1} = {ACAFF227-C307-C93B-24FB-255AEFB27327}
		{0096FC3C-CE3D-4956-A2BC-83C3058C326A} = {ACAFF227-C307-C93B-24FB-255AEFB27327}
		{C44F925E-10D8-C6BB-83D5-E731E431D9E2} = {9A0CCAB9-4303-13B4-2371-F1B97FF5B728}
		{F0BF90CD-5224-455C-8E4C-94DD05DB08F0} = {C44F925E-10D8-C6BB-83D5-E731E431D9E2}
		{BC1DB9FB-4E43-47BC-9530-B33073C0F07F} = {C44F925E-10D8-C6BB-83D5-E731E431D9E2}
		{CCA66D27-FE0E-443F-8CB0-194CD37B8B4F} = {C44F925E-10D8-C6BB-83D5-E731E431D9E2}
		{6E940664-DEDA-40F7-BAD4-F3BE6F29ECA1} = {C44F925E-10D8-C6BB-83D5-E731E431D9E2}
		{4C8C7D09-8AAC-9459-956E-52CD45375026} = {CA253913-39DE-BFD0-C9A3-4B7EC6FBDF17}
		{DC719B0E-877D-8302-6E58-5B73CF9F8DF7} = {4C8C7D09-8AAC-9459-956E-52CD45375026}
		{403A6035-1E54-4DB1-B2C1-23CA5811D441} = {DC719B0E-877D-8302-6E58-5B73CF9F8DF7}
		{4427589B-C990-4C82-B21D-2CA255EBBB26} = {DC719B0E-877D-8302-6E58-5B73CF9F8DF7}
		{BAE2C6F5-7F8D-4410-96B6-241F03D6D133} = {DC719B0E-877D-8302-6E58-5B73CF9F8DF7}
		{0F3F0A1B-9283-4BEC-886A-05052CF63CDD} = {DC719B0E-877D-8302-6E58-5B73CF9F8DF7}
		{727CC75A-1429-4148-AC96-A096C5ACC1B4} = {DC719B0E-877D-8302-6E58-5B73CF9F8DF7}
		{DF781D9A-FD32-4A6B-B926-7BD34F974F06} = {DC719B0E-877D-8302-6E58-5B73CF9F8DF7}
		{15768E24-842B-988C-61B4-ABD1388C9B7E} = {4C8C7D09-8AAC-9459-956E-52CD45375026}
		{3C1C226E-3A47-48F7-93C0-1AD160F63356} = {15768E24-842B-988C-61B4-ABD1388C9B7E}
		{5C8FEFE6-98A2-4DA2-BED0-E3493686B580} = {15768E24-842B-988C-61B4-ABD1388C9B7E}
		{CBD9E959-A523-4F54-909F-3DEE059C2C1A} = {15768E24-842B-988C-61B4-ABD1388C9B7E}
		{86E4666A-6360-49A7-851D-34F2FCEC761D} = {15768E24-842B-988C-61B4-ABD1388C9B7E}
		{ECF4AE98-ED0A-4BF0-A54A-AE023FC24AED} = {15768E24-842B-988C-61B4-ABD1388C9B7E}
		{193B7214-BCAA-40E5-9B14-1F429FC1C56C} = {15768E24-842B-988C-61B4-ABD1388C9B7E}
		{12977109-6E41-4568-A6DE-F87FEC86974C} = {15768E24-842B-988C-61B4-ABD1388C9B7E}
		{B53B7E67-8642-4B48-A5DC-9007C4433765} = {15768E24-842B-988C-61B4-ABD1388C9B7E}
		{37011AA8-74CA-4124-AE3D-5AEE67A9F1F5} = {15768E24-842B-988C-61B4-ABD1388C9B7E}
		{20B608E2-F461-46C3-9D5A-9B4422A1BF25} = {15768E24-842B-988C-61B4-ABD1388C9B7E}
		{9C551B1B-5425-4E6F-A3CD-9F0C2A695938} = {15768E24-842B-988C-61B4-ABD1388C9B7E}
		{AAEFC34D-93AB-40C6-99F4-1D69AF542DDF} = {15768E24-842B-988C-61B4-ABD1388C9B7E}
		{EADBAF5F-07F6-D7B9-8C9D-B4291B9B0FDC} = {4C8C7D09-8AAC-9459-956E-52CD45375026}
		{10A34DBE-9D95-416A-8442-BFAD876F7BEB} = {EADBAF5F-07F6-D7B9-8C9D-B4291B9B0FDC}
		{6B74BCF5-21DB-4EC3-AA5C-E77A8759A4A4} = {EADBAF5F-07F6-D7B9-8C9D-B4291B9B0FDC}
		{68231AA8-0282-4CA0-8B09-E8F47DBDA5FB} = {EADBAF5F-07F6-D7B9-8C9D-B4291B9B0FDC}
		{BC7A7CAB-7921-4812-8D8B-4CBBC7B31CF4} = {EADBAF5F-07F6-D7B9-8C9D-B4291B9B0FDC}
		{3B0752B0-5730-F163-17C2-3F122A63EAAD} = {CA253913-39DE-BFD0-C9A3-4B7EC6FBDF17}
		{9FE7F41F-9F01-28E1-EC44-94D1AD9E4998} = {3B0752B0-5730-F163-17C2-3F122A63EAAD}
		{BB6EEF56-C1A7-41EF-B241-0A5A3DB575B1} = {9FE7F41F-9F01-28E1-EC44-94D1AD9E4998}
		{8FC2C145-7271-47C4-9FA0-C6CB5AD72C94} = {9FE7F41F-9F01-28E1-EC44-94D1AD9E4998}
		{18292C60-D56C-4B02-A0A2-790DC0133C17} = {9FE7F41F-9F01-28E1-EC44-94D1AD9E4998}
		{7A60A147-8ECA-441C-8B16-F7CF85F7D298} = {9FE7F41F-9F01-28E1-EC44-94D1AD9E4998}
		{924F06BA-847C-4CA9-A0C8-ADE85F516E68} = {9FE7F41F-9F01-28E1-EC44-94D1AD9E4998}
		{CD723C70-5962-46E0-9E59-405E8CA436CD} = {9FE7F41F-9F01-28E1-EC44-94D1AD9E4998}
		{E56899FC-0EF4-44F0-9F73-70A103C7C802} = {9FE7F41F-9F01-28E1-EC44-94D1AD9E4998}
		{BE5F016F-E09D-4DB1-8A23-8E89B68E569E} = {9FE7F41F-9F01-28E1-EC44-94D1AD9E4998}
		{8BE93322-BE97-4AFE-8DA1-32E2DCCFA5AA} = {9FE7F41F-9F01-28E1-EC44-94D1AD9E4998}
		{436F0F5D-62C1-411E-9F7A-B332CEC52215} = {9FE7F41F-9F01-28E1-EC44-94D1AD9E4998}
		{BF8F20DA-9A21-5FFF-67A8-BEDDEE03C40F} = {3B0752B0-5730-F163-17C2-3F122A63EAAD}
		{D2468149-C212-49E3-B6DE-FADF77C03970} = {BF8F20DA-9A21-5FFF-67A8-BEDDEE03C40F}
		{AFAA8F11-0BE4-45BE-AB1D-CDF2FDF23242} = {BF8F20DA-9A21-5FFF-67A8-BEDDEE03C40F}
		{B5DB2C4B-0214-4AE9-ABB5-8788F2139B8E} = {BF8F20DA-9A21-5FFF-67A8-BEDDEE03C40F}
		{6467F735-9D0D-493F-A7A8-BB4A5C346136} = {BF8F20DA-9A21-5FFF-67A8-BEDDEE03C40F}
		{1A220F68-2D15-49CC-A0AA-95241BC3097E} = {BF8F20DA-9A21-5FFF-67A8-BEDDEE03C40F}
		{D4C6F4F9-E536-4F6C-A6A8-8B1714DB4D6F} = {ACAFF227-C307-C93B-24FB-255AEFB27327}
		{A9CD2E7C-37DB-4492-8284-2156564E8658} = {ACAFF227-C307-C93B-24FB-255AEFB27327}
		{5CA8A63A-4A6B-44D4-0B77-2FE3EE4AC5A1} = {ACAFF227-C307-C93B-24FB-255AEFB27327}
		{98D80CCC-CE9A-442A-8EE0-7204BA6204A0} = {ACAFF227-C307-C93B-24FB-255AEFB27327}
		{9379E482-1742-412C-8DAF-E045830EAB88} = {8EC462FD-D22E-90A8-E5CE-7E832BA40C5D}
		{43341327-862F-4BE3-A915-D7B45F36E98F} = {02EA681E-C7D8-13C7-8484-4AC65E1B71E8}
	EndGlobalSection
	GlobalSection(ExtensibilityGlobals) = postSolution
		SolutionGuid = {73730998-DDFA-4891-94C8-9BE3B23F9F8E}
	EndGlobalSection
EndGlobal
