
Microsoft Visual Studio Solution File, Format Version 12.00
# Visual Studio Version 17
VisualStudioVersion = 17.0.31903.59
MinimumVisualStudioVersion = 10.0.40219.1
Project("{2150E333-8FDC-42A3-9474-1A3956D46DE8}") = "host", "host", "{7226ABEA-787E-1D09-10EA-A2ECF996D6A6}"
EndProject
Project("{FAE04EC0-301F-11D3-BF4B-00C04F79EFBC}") = "Aviendha.BillingManagement.AuthServer", "host\Aviendha.BillingManagement.AuthServer\Aviendha.BillingManagement.AuthServer.csproj", "{D3C8E358-87C9-4A15-9946-D741A2C85A1F}"
EndProject
Project("{FAE04EC0-301F-11D3-BF4B-00C04F79EFBC}") = "Aviendha.BillingManagement.Blazor.Host", "host\Aviendha.BillingManagement.Blazor.Host\Aviendha.BillingManagement.Blazor.Host.csproj", "{B885E719-595B-45F7-83ED-E4EF76B55412}"
EndProject
Project("{FAE04EC0-301F-11D3-BF4B-00C04F79EFBC}") = "Aviendha.BillingManagement.Blazor.Host.Client", "host\Aviendha.BillingManagement.Blazor.Host.Client\Aviendha.BillingManagement.Blazor.Host.Client.csproj", "{07389731-BD0F-4FB6-8E9F-0DDFC59EF60C}"
EndProject
Project("{FAE04EC0-301F-11D3-BF4B-00C04F79EFBC}") = "Aviendha.BillingManagement.Blazor.Server.Host", "host\Aviendha.BillingManagement.Blazor.Server.Host\Aviendha.BillingManagement.Blazor.Server.Host.csproj", "{DF73CED9-7B5C-4C4C-839A-2C04C6786416}"
EndProject
Project("{FAE04EC0-301F-11D3-BF4B-00C04F79EFBC}") = "Aviendha.BillingManagement.Host.Shared", "host\Aviendha.BillingManagement.Host.Shared\Aviendha.BillingManagement.Host.Shared.csproj", "{35CE9C95-08D4-4D9B-AFD1-E8A2A0655D85}"
EndProject
Project("{FAE04EC0-301F-11D3-BF4B-00C04F79EFBC}") = "Aviendha.BillingManagement.HttpApi.Host", "host\Aviendha.BillingManagement.HttpApi.Host\Aviendha.BillingManagement.HttpApi.Host.csproj", "{411DFB0B-AFF0-4CA7-89A5-3B9D7CD71E49}"
EndProject
Project("{2150E333-8FDC-42A3-9474-1A3956D46DE8}") = "src", "src", "{827E0CD3-B72D-47B6-A68D-7590B98EB39B}"
EndProject
Project("{FAE04EC0-301F-11D3-BF4B-00C04F79EFBC}") = "Aviendha.BillingManagement.Abstractions", "src\Aviendha.BillingManagement.Abstractions\Aviendha.BillingManagement.Abstractions.csproj", "{0875FE49-EC9E-494A-8CDD-D0ECC474436C}"
EndProject
Project("{FAE04EC0-301F-11D3-BF4B-00C04F79EFBC}") = "Aviendha.BillingManagement.Application", "src\Aviendha.BillingManagement.Application\Aviendha.BillingManagement.Application.csproj", "{6E36B8FF-1B0A-4588-B7AC-E48C496BD58A}"
EndProject
Project("{FAE04EC0-301F-11D3-BF4B-00C04F79EFBC}") = "Aviendha.BillingManagement.Application.Contracts", "src\Aviendha.BillingManagement.Application.Contracts\Aviendha.BillingManagement.Application.Contracts.csproj", "{7D4E0131-006E-4FA3-9A67-46E8F4BE9DA0}"
EndProject
Project("{FAE04EC0-301F-11D3-BF4B-00C04F79EFBC}") = "Aviendha.BillingManagement.Blazor", "src\Aviendha.BillingManagement.Blazor\Aviendha.BillingManagement.Blazor.csproj", "{4EB5B420-69F7-4E5E-91F9-90E317D94D36}"
EndProject
Project("{FAE04EC0-301F-11D3-BF4B-00C04F79EFBC}") = "Aviendha.BillingManagement.Blazor.Server", "src\Aviendha.BillingManagement.Blazor.Server\Aviendha.BillingManagement.Blazor.Server.csproj", "{65632EFF-44E1-43A3-864B-68ACDB9C613E}"
EndProject
Project("{FAE04EC0-301F-11D3-BF4B-00C04F79EFBC}") = "Aviendha.BillingManagement.Blazor.WebAssembly", "src\Aviendha.BillingManagement.Blazor.WebAssembly\Aviendha.BillingManagement.Blazor.WebAssembly.csproj", "{A1A51AE9-9886-4943-A436-5EE0D5FB9E47}"
EndProject
Project("{FAE04EC0-301F-11D3-BF4B-00C04F79EFBC}") = "Aviendha.BillingManagement.Blazor.WebAssembly.Bundling", "src\Aviendha.BillingManagement.Blazor.WebAssembly.Bundling\Aviendha.BillingManagement.Blazor.WebAssembly.Bundling.csproj", "{42D767C2-C688-403F-AA1F-51E100E57E6D}"
EndProject
Project("{FAE04EC0-301F-11D3-BF4B-00C04F79EFBC}") = "Aviendha.BillingManagement.Domain", "src\Aviendha.BillingManagement.Domain\Aviendha.BillingManagement.Domain.csproj", "{3B739E1A-5589-438C-ABC0-70325C0B0CD1}"
EndProject
Project("{FAE04EC0-301F-11D3-BF4B-00C04F79EFBC}") = "Aviendha.BillingManagement.Domain.Shared", "src\Aviendha.BillingManagement.Domain.Shared\Aviendha.BillingManagement.Domain.Shared.csproj", "{A6A32DA5-3DCB-4F35-B322-F56B148FF816}"
EndProject
Project("{FAE04EC0-301F-11D3-BF4B-00C04F79EFBC}") = "Aviendha.BillingManagement.EntityFrameworkCore", "src\Aviendha.BillingManagement.EntityFrameworkCore\Aviendha.BillingManagement.EntityFrameworkCore.csproj", "{612FD986-295C-4A82-A4B8-41791A4580A0}"
EndProject
Project("{FAE04EC0-301F-11D3-BF4B-00C04F79EFBC}") = "Aviendha.BillingManagement.EntityFrameworkCore.SqlServer", "src\Aviendha.BillingManagement.EntityFrameworkCore.SqlServer\Aviendha.BillingManagement.EntityFrameworkCore.SqlServer.csproj", "{608A0BD3-E68F-4FA8-8369-141C6A27AFF4}"
EndProject
Project("{FAE04EC0-301F-11D3-BF4B-00C04F79EFBC}") = "Aviendha.BillingManagement.HttpApi", "src\Aviendha.BillingManagement.HttpApi\Aviendha.BillingManagement.HttpApi.csproj", "{9DB61EC7-E2DF-4B34-BA7B-A1C5A27F0631}"
EndProject
Project("{FAE04EC0-301F-11D3-BF4B-00C04F79EFBC}") = "Aviendha.BillingManagement.HttpApi.Client", "src\Aviendha.BillingManagement.HttpApi.Client\Aviendha.BillingManagement.HttpApi.Client.csproj", "{ABFE6591-8318-49D9-9957-237DC6C9A42A}"
EndProject
Project("{FAE04EC0-301F-11D3-BF4B-00C04F79EFBC}") = "Aviendha.BillingManagement.Installer", "src\Aviendha.BillingManagement.Installer\Aviendha.BillingManagement.Installer.csproj", "{360E5D05-902C-4B4E-B013-C2C8F1EB9B99}"
EndProject
Project("{2150E333-8FDC-42A3-9474-1A3956D46DE8}") = "test", "test", "{0C88DD14-F956-CE84-757C-A364CCF449FC}"
EndProject
Project("{FAE04EC0-301F-11D3-BF4B-00C04F79EFBC}") = "Aviendha.BillingManagement.Application.Tests", "test\Aviendha.BillingManagement.Application.Tests\Aviendha.BillingManagement.Application.Tests.csproj", "{2611BD5E-7282-4893-A1A2-2652E851AEC6}"
EndProject
Project("{FAE04EC0-301F-11D3-BF4B-00C04F79EFBC}") = "Aviendha.BillingManagement.Domain.Tests", "test\Aviendha.BillingManagement.Domain.Tests\Aviendha.BillingManagement.Domain.Tests.csproj", "{00AE8CE1-005E-49AD-A1EB-4A706A648405}"
EndProject
Project("{FAE04EC0-301F-11D3-BF4B-00C04F79EFBC}") = "Aviendha.BillingManagement.EntityFrameworkCore.Tests", "test\Aviendha.BillingManagement.EntityFrameworkCore.Tests\Aviendha.BillingManagement.EntityFrameworkCore.Tests.csproj", "{9FDEAF7C-6CDF-4E48-8C9C-AC3570638D41}"
EndProject
Project("{FAE04EC0-301F-11D3-BF4B-00C04F79EFBC}") = "Aviendha.BillingManagement.TestBase", "test\Aviendha.BillingManagement.TestBase\Aviendha.BillingManagement.TestBase.csproj", "{AB7DD529-DC07-4510-8079-5C7C1B7A531A}"
EndProject
Global
	GlobalSection(SolutionConfigurationPlatforms) = preSolution
		Debug|Any CPU = Debug|Any CPU
		Debug|x64 = Debug|x64
		Debug|x86 = Debug|x86
		Release|Any CPU = Release|Any CPU
		Release|x64 = Release|x64
		Release|x86 = Release|x86
	EndGlobalSection
	GlobalSection(ProjectConfigurationPlatforms) = postSolution
		{D3C8E358-87C9-4A15-9946-D741A2C85A1F}.Debug|Any CPU.ActiveCfg = Debug|Any CPU
		{D3C8E358-87C9-4A15-9946-D741A2C85A1F}.Debug|Any CPU.Build.0 = Debug|Any CPU
		{D3C8E358-87C9-4A15-9946-D741A2C85A1F}.Debug|x64.ActiveCfg = Debug|Any CPU
		{D3C8E358-87C9-4A15-9946-D741A2C85A1F}.Debug|x64.Build.0 = Debug|Any CPU
		{D3C8E358-87C9-4A15-9946-D741A2C85A1F}.Debug|x86.ActiveCfg = Debug|Any CPU
		{D3C8E358-87C9-4A15-9946-D741A2C85A1F}.Debug|x86.Build.0 = Debug|Any CPU
		{D3C8E358-87C9-4A15-9946-D741A2C85A1F}.Release|Any CPU.ActiveCfg = Release|Any CPU
		{D3C8E358-87C9-4A15-9946-D741A2C85A1F}.Release|Any CPU.Build.0 = Release|Any CPU
		{D3C8E358-87C9-4A15-9946-D741A2C85A1F}.Release|x64.ActiveCfg = Release|Any CPU
		{D3C8E358-87C9-4A15-9946-D741A2C85A1F}.Release|x64.Build.0 = Release|Any CPU
		{D3C8E358-87C9-4A15-9946-D741A2C85A1F}.Release|x86.ActiveCfg = Release|Any CPU
		{D3C8E358-87C9-4A15-9946-D741A2C85A1F}.Release|x86.Build.0 = Release|Any CPU
		{B885E719-595B-45F7-83ED-E4EF76B55412}.Debug|Any CPU.ActiveCfg = Debug|Any CPU
		{B885E719-595B-45F7-83ED-E4EF76B55412}.Debug|Any CPU.Build.0 = Debug|Any CPU
		{B885E719-595B-45F7-83ED-E4EF76B55412}.Debug|x64.ActiveCfg = Debug|Any CPU
		{B885E719-595B-45F7-83ED-E4EF76B55412}.Debug|x64.Build.0 = Debug|Any CPU
		{B885E719-595B-45F7-83ED-E4EF76B55412}.Debug|x86.ActiveCfg = Debug|Any CPU
		{B885E719-595B-45F7-83ED-E4EF76B55412}.Debug|x86.Build.0 = Debug|Any CPU
		{B885E719-595B-45F7-83ED-E4EF76B55412}.Release|Any CPU.ActiveCfg = Release|Any CPU
		{B885E719-595B-45F7-83ED-E4EF76B55412}.Release|Any CPU.Build.0 = Release|Any CPU
		{B885E719-595B-45F7-83ED-E4EF76B55412}.Release|x64.ActiveCfg = Release|Any CPU
		{B885E719-595B-45F7-83ED-E4EF76B55412}.Release|x64.Build.0 = Release|Any CPU
		{B885E719-595B-45F7-83ED-E4EF76B55412}.Release|x86.ActiveCfg = Release|Any CPU
		{B885E719-595B-45F7-83ED-E4EF76B55412}.Release|x86.Build.0 = Release|Any CPU
		{07389731-BD0F-4FB6-8E9F-0DDFC59EF60C}.Debug|Any CPU.ActiveCfg = Debug|Any CPU
		{07389731-BD0F-4FB6-8E9F-0DDFC59EF60C}.Debug|Any CPU.Build.0 = Debug|Any CPU
		{07389731-BD0F-4FB6-8E9F-0DDFC59EF60C}.Debug|x64.ActiveCfg = Debug|Any CPU
		{07389731-BD0F-4FB6-8E9F-0DDFC59EF60C}.Debug|x64.Build.0 = Debug|Any CPU
		{07389731-BD0F-4FB6-8E9F-0DDFC59EF60C}.Debug|x86.ActiveCfg = Debug|Any CPU
		{07389731-BD0F-4FB6-8E9F-0DDFC59EF60C}.Debug|x86.Build.0 = Debug|Any CPU
		{07389731-BD0F-4FB6-8E9F-0DDFC59EF60C}.Release|Any CPU.ActiveCfg = Release|Any CPU
		{07389731-BD0F-4FB6-8E9F-0DDFC59EF60C}.Release|Any CPU.Build.0 = Release|Any CPU
		{07389731-BD0F-4FB6-8E9F-0DDFC59EF60C}.Release|x64.ActiveCfg = Release|Any CPU
		{07389731-BD0F-4FB6-8E9F-0DDFC59EF60C}.Release|x64.Build.0 = Release|Any CPU
		{07389731-BD0F-4FB6-8E9F-0DDFC59EF60C}.Release|x86.ActiveCfg = Release|Any CPU
		{07389731-BD0F-4FB6-8E9F-0DDFC59EF60C}.Release|x86.Build.0 = Release|Any CPU
		{DF73CED9-7B5C-4C4C-839A-2C04C6786416}.Debug|Any CPU.ActiveCfg = Debug|Any CPU
		{DF73CED9-7B5C-4C4C-839A-2C04C6786416}.Debug|Any CPU.Build.0 = Debug|Any CPU
		{DF73CED9-7B5C-4C4C-839A-2C04C6786416}.Debug|x64.ActiveCfg = Debug|Any CPU
		{DF73CED9-7B5C-4C4C-839A-2C04C6786416}.Debug|x64.Build.0 = Debug|Any CPU
		{DF73CED9-7B5C-4C4C-839A-2C04C6786416}.Debug|x86.ActiveCfg = Debug|Any CPU
		{DF73CED9-7B5C-4C4C-839A-2C04C6786416}.Debug|x86.Build.0 = Debug|Any CPU
		{DF73CED9-7B5C-4C4C-839A-2C04C6786416}.Release|Any CPU.ActiveCfg = Release|Any CPU
		{DF73CED9-7B5C-4C4C-839A-2C04C6786416}.Release|Any CPU.Build.0 = Release|Any CPU
		{DF73CED9-7B5C-4C4C-839A-2C04C6786416}.Release|x64.ActiveCfg = Release|Any CPU
		{DF73CED9-7B5C-4C4C-839A-2C04C6786416}.Release|x64.Build.0 = Release|Any CPU
		{DF73CED9-7B5C-4C4C-839A-2C04C6786416}.Release|x86.ActiveCfg = Release|Any CPU
		{DF73CED9-7B5C-4C4C-839A-2C04C6786416}.Release|x86.Build.0 = Release|Any CPU
		{35CE9C95-08D4-4D9B-AFD1-E8A2A0655D85}.Debug|Any CPU.ActiveCfg = Debug|Any CPU
		{35CE9C95-08D4-4D9B-AFD1-E8A2A0655D85}.Debug|Any CPU.Build.0 = Debug|Any CPU
		{35CE9C95-08D4-4D9B-AFD1-E8A2A0655D85}.Debug|x64.ActiveCfg = Debug|Any CPU
		{35CE9C95-08D4-4D9B-AFD1-E8A2A0655D85}.Debug|x64.Build.0 = Debug|Any CPU
		{35CE9C95-08D4-4D9B-AFD1-E8A2A0655D85}.Debug|x86.ActiveCfg = Debug|Any CPU
		{35CE9C95-08D4-4D9B-AFD1-E8A2A0655D85}.Debug|x86.Build.0 = Debug|Any CPU
		{35CE9C95-08D4-4D9B-AFD1-E8A2A0655D85}.Release|Any CPU.ActiveCfg = Release|Any CPU
		{35CE9C95-08D4-4D9B-AFD1-E8A2A0655D85}.Release|Any CPU.Build.0 = Release|Any CPU
		{35CE9C95-08D4-4D9B-AFD1-E8A2A0655D85}.Release|x64.ActiveCfg = Release|Any CPU
		{35CE9C95-08D4-4D9B-AFD1-E8A2A0655D85}.Release|x64.Build.0 = Release|Any CPU
		{35CE9C95-08D4-4D9B-AFD1-E8A2A0655D85}.Release|x86.ActiveCfg = Release|Any CPU
		{35CE9C95-08D4-4D9B-AFD1-E8A2A0655D85}.Release|x86.Build.0 = Release|Any CPU
		{411DFB0B-AFF0-4CA7-89A5-3B9D7CD71E49}.Debug|Any CPU.ActiveCfg = Debug|Any CPU
		{411DFB0B-AFF0-4CA7-89A5-3B9D7CD71E49}.Debug|Any CPU.Build.0 = Debug|Any CPU
		{411DFB0B-AFF0-4CA7-89A5-3B9D7CD71E49}.Debug|x64.ActiveCfg = Debug|Any CPU
		{411DFB0B-AFF0-4CA7-89A5-3B9D7CD71E49}.Debug|x64.Build.0 = Debug|Any CPU
		{411DFB0B-AFF0-4CA7-89A5-3B9D7CD71E49}.Debug|x86.ActiveCfg = Debug|Any CPU
		{411DFB0B-AFF0-4CA7-89A5-3B9D7CD71E49}.Debug|x86.Build.0 = Debug|Any CPU
		{411DFB0B-AFF0-4CA7-89A5-3B9D7CD71E49}.Release|Any CPU.ActiveCfg = Release|Any CPU
		{411DFB0B-AFF0-4CA7-89A5-3B9D7CD71E49}.Release|Any CPU.Build.0 = Release|Any CPU
		{411DFB0B-AFF0-4CA7-89A5-3B9D7CD71E49}.Release|x64.ActiveCfg = Release|Any CPU
		{411DFB0B-AFF0-4CA7-89A5-3B9D7CD71E49}.Release|x64.Build.0 = Release|Any CPU
		{411DFB0B-AFF0-4CA7-89A5-3B9D7CD71E49}.Release|x86.ActiveCfg = Release|Any CPU
		{411DFB0B-AFF0-4CA7-89A5-3B9D7CD71E49}.Release|x86.Build.0 = Release|Any CPU
		{0875FE49-EC9E-494A-8CDD-D0ECC474436C}.Debug|Any CPU.ActiveCfg = Debug|Any CPU
		{0875FE49-EC9E-494A-8CDD-D0ECC474436C}.Debug|Any CPU.Build.0 = Debug|Any CPU
		{0875FE49-EC9E-494A-8CDD-D0ECC474436C}.Debug|x64.ActiveCfg = Debug|Any CPU
		{0875FE49-EC9E-494A-8CDD-D0ECC474436C}.Debug|x64.Build.0 = Debug|Any CPU
		{0875FE49-EC9E-494A-8CDD-D0ECC474436C}.Debug|x86.ActiveCfg = Debug|Any CPU
		{0875FE49-EC9E-494A-8CDD-D0ECC474436C}.Debug|x86.Build.0 = Debug|Any CPU
		{0875FE49-EC9E-494A-8CDD-D0ECC474436C}.Release|Any CPU.ActiveCfg = Release|Any CPU
		{0875FE49-EC9E-494A-8CDD-D0ECC474436C}.Release|Any CPU.Build.0 = Release|Any CPU
		{0875FE49-EC9E-494A-8CDD-D0ECC474436C}.Release|x64.ActiveCfg = Release|Any CPU
		{0875FE49-EC9E-494A-8CDD-D0ECC474436C}.Release|x64.Build.0 = Release|Any CPU
		{0875FE49-EC9E-494A-8CDD-D0ECC474436C}.Release|x86.ActiveCfg = Release|Any CPU
		{0875FE49-EC9E-494A-8CDD-D0ECC474436C}.Release|x86.Build.0 = Release|Any CPU
		{6E36B8FF-1B0A-4588-B7AC-E48C496BD58A}.Debug|Any CPU.ActiveCfg = Debug|Any CPU
		{6E36B8FF-1B0A-4588-B7AC-E48C496BD58A}.Debug|Any CPU.Build.0 = Debug|Any CPU
		{6E36B8FF-1B0A-4588-B7AC-E48C496BD58A}.Debug|x64.ActiveCfg = Debug|Any CPU
		{6E36B8FF-1B0A-4588-B7AC-E48C496BD58A}.Debug|x64.Build.0 = Debug|Any CPU
		{6E36B8FF-1B0A-4588-B7AC-E48C496BD58A}.Debug|x86.ActiveCfg = Debug|Any CPU
		{6E36B8FF-1B0A-4588-B7AC-E48C496BD58A}.Debug|x86.Build.0 = Debug|Any CPU
		{6E36B8FF-1B0A-4588-B7AC-E48C496BD58A}.Release|Any CPU.ActiveCfg = Release|Any CPU
		{6E36B8FF-1B0A-4588-B7AC-E48C496BD58A}.Release|Any CPU.Build.0 = Release|Any CPU
		{6E36B8FF-1B0A-4588-B7AC-E48C496BD58A}.Release|x64.ActiveCfg = Release|Any CPU
		{6E36B8FF-1B0A-4588-B7AC-E48C496BD58A}.Release|x64.Build.0 = Release|Any CPU
		{6E36B8FF-1B0A-4588-B7AC-E48C496BD58A}.Release|x86.ActiveCfg = Release|Any CPU
		{6E36B8FF-1B0A-4588-B7AC-E48C496BD58A}.Release|x86.Build.0 = Release|Any CPU
		{7D4E0131-006E-4FA3-9A67-46E8F4BE9DA0}.Debug|Any CPU.ActiveCfg = Debug|Any CPU
		{7D4E0131-006E-4FA3-9A67-46E8F4BE9DA0}.Debug|Any CPU.Build.0 = Debug|Any CPU
		{7D4E0131-006E-4FA3-9A67-46E8F4BE9DA0}.Debug|x64.ActiveCfg = Debug|Any CPU
		{7D4E0131-006E-4FA3-9A67-46E8F4BE9DA0}.Debug|x64.Build.0 = Debug|Any CPU
		{7D4E0131-006E-4FA3-9A67-46E8F4BE9DA0}.Debug|x86.ActiveCfg = Debug|Any CPU
		{7D4E0131-006E-4FA3-9A67-46E8F4BE9DA0}.Debug|x86.Build.0 = Debug|Any CPU
		{7D4E0131-006E-4FA3-9A67-46E8F4BE9DA0}.Release|Any CPU.ActiveCfg = Release|Any CPU
		{7D4E0131-006E-4FA3-9A67-46E8F4BE9DA0}.Release|Any CPU.Build.0 = Release|Any CPU
		{7D4E0131-006E-4FA3-9A67-46E8F4BE9DA0}.Release|x64.ActiveCfg = Release|Any CPU
		{7D4E0131-006E-4FA3-9A67-46E8F4BE9DA0}.Release|x64.Build.0 = Release|Any CPU
		{7D4E0131-006E-4FA3-9A67-46E8F4BE9DA0}.Release|x86.ActiveCfg = Release|Any CPU
		{7D4E0131-006E-4FA3-9A67-46E8F4BE9DA0}.Release|x86.Build.0 = Release|Any CPU
		{4EB5B420-69F7-4E5E-91F9-90E317D94D36}.Debug|Any CPU.ActiveCfg = Debug|Any CPU
		{4EB5B420-69F7-4E5E-91F9-90E317D94D36}.Debug|Any CPU.Build.0 = Debug|Any CPU
		{4EB5B420-69F7-4E5E-91F9-90E317D94D36}.Debug|x64.ActiveCfg = Debug|Any CPU
		{4EB5B420-69F7-4E5E-91F9-90E317D94D36}.Debug|x64.Build.0 = Debug|Any CPU
		{4EB5B420-69F7-4E5E-91F9-90E317D94D36}.Debug|x86.ActiveCfg = Debug|Any CPU
		{4EB5B420-69F7-4E5E-91F9-90E317D94D36}.Debug|x86.Build.0 = Debug|Any CPU
		{4EB5B420-69F7-4E5E-91F9-90E317D94D36}.Release|Any CPU.ActiveCfg = Release|Any CPU
		{4EB5B420-69F7-4E5E-91F9-90E317D94D36}.Release|Any CPU.Build.0 = Release|Any CPU
		{4EB5B420-69F7-4E5E-91F9-90E317D94D36}.Release|x64.ActiveCfg = Release|Any CPU
		{4EB5B420-69F7-4E5E-91F9-90E317D94D36}.Release|x64.Build.0 = Release|Any CPU
		{4EB5B420-69F7-4E5E-91F9-90E317D94D36}.Release|x86.ActiveCfg = Release|Any CPU
		{4EB5B420-69F7-4E5E-91F9-90E317D94D36}.Release|x86.Build.0 = Release|Any CPU
		{65632EFF-44E1-43A3-864B-68ACDB9C613E}.Debug|Any CPU.ActiveCfg = Debug|Any CPU
		{65632EFF-44E1-43A3-864B-68ACDB9C613E}.Debug|Any CPU.Build.0 = Debug|Any CPU
		{65632EFF-44E1-43A3-864B-68ACDB9C613E}.Debug|x64.ActiveCfg = Debug|Any CPU
		{65632EFF-44E1-43A3-864B-68ACDB9C613E}.Debug|x64.Build.0 = Debug|Any CPU
		{65632EFF-44E1-43A3-864B-68ACDB9C613E}.Debug|x86.ActiveCfg = Debug|Any CPU
		{65632EFF-44E1-43A3-864B-68ACDB9C613E}.Debug|x86.Build.0 = Debug|Any CPU
		{65632EFF-44E1-43A3-864B-68ACDB9C613E}.Release|Any CPU.ActiveCfg = Release|Any CPU
		{65632EFF-44E1-43A3-864B-68ACDB9C613E}.Release|Any CPU.Build.0 = Release|Any CPU
		{65632EFF-44E1-43A3-864B-68ACDB9C613E}.Release|x64.ActiveCfg = Release|Any CPU
		{65632EFF-44E1-43A3-864B-68ACDB9C613E}.Release|x64.Build.0 = Release|Any CPU
		{65632EFF-44E1-43A3-864B-68ACDB9C613E}.Release|x86.ActiveCfg = Release|Any CPU
		{65632EFF-44E1-43A3-864B-68ACDB9C613E}.Release|x86.Build.0 = Release|Any CPU
		{A1A51AE9-9886-4943-A436-5EE0D5FB9E47}.Debug|Any CPU.ActiveCfg = Debug|Any CPU
		{A1A51AE9-9886-4943-A436-5EE0D5FB9E47}.Debug|Any CPU.Build.0 = Debug|Any CPU
		{A1A51AE9-9886-4943-A436-5EE0D5FB9E47}.Debug|x64.ActiveCfg = Debug|Any CPU
		{A1A51AE9-9886-4943-A436-5EE0D5FB9E47}.Debug|x64.Build.0 = Debug|Any CPU
		{A1A51AE9-9886-4943-A436-5EE0D5FB9E47}.Debug|x86.ActiveCfg = Debug|Any CPU
		{A1A51AE9-9886-4943-A436-5EE0D5FB9E47}.Debug|x86.Build.0 = Debug|Any CPU
		{A1A51AE9-9886-4943-A436-5EE0D5FB9E47}.Release|Any CPU.ActiveCfg = Release|Any CPU
		{A1A51AE9-9886-4943-A436-5EE0D5FB9E47}.Release|Any CPU.Build.0 = Release|Any CPU
		{A1A51AE9-9886-4943-A436-5EE0D5FB9E47}.Release|x64.ActiveCfg = Release|Any CPU
		{A1A51AE9-9886-4943-A436-5EE0D5FB9E47}.Release|x64.Build.0 = Release|Any CPU
		{A1A51AE9-9886-4943-A436-5EE0D5FB9E47}.Release|x86.ActiveCfg = Release|Any CPU
		{A1A51AE9-9886-4943-A436-5EE0D5FB9E47}.Release|x86.Build.0 = Release|Any CPU
		{42D767C2-C688-403F-AA1F-51E100E57E6D}.Debug|Any CPU.ActiveCfg = Debug|Any CPU
		{42D767C2-C688-403F-AA1F-51E100E57E6D}.Debug|Any CPU.Build.0 = Debug|Any CPU
		{42D767C2-C688-403F-AA1F-51E100E57E6D}.Debug|x64.ActiveCfg = Debug|Any CPU
		{42D767C2-C688-403F-AA1F-51E100E57E6D}.Debug|x64.Build.0 = Debug|Any CPU
		{42D767C2-C688-403F-AA1F-51E100E57E6D}.Debug|x86.ActiveCfg = Debug|Any CPU
		{42D767C2-C688-403F-AA1F-51E100E57E6D}.Debug|x86.Build.0 = Debug|Any CPU
		{42D767C2-C688-403F-AA1F-51E100E57E6D}.Release|Any CPU.ActiveCfg = Release|Any CPU
		{42D767C2-C688-403F-AA1F-51E100E57E6D}.Release|Any CPU.Build.0 = Release|Any CPU
		{42D767C2-C688-403F-AA1F-51E100E57E6D}.Release|x64.ActiveCfg = Release|Any CPU
		{42D767C2-C688-403F-AA1F-51E100E57E6D}.Release|x64.Build.0 = Release|Any CPU
		{42D767C2-C688-403F-AA1F-51E100E57E6D}.Release|x86.ActiveCfg = Release|Any CPU
		{42D767C2-C688-403F-AA1F-51E100E57E6D}.Release|x86.Build.0 = Release|Any CPU
		{3B739E1A-5589-438C-ABC0-70325C0B0CD1}.Debug|Any CPU.ActiveCfg = Debug|Any CPU
		{3B739E1A-5589-438C-ABC0-70325C0B0CD1}.Debug|Any CPU.Build.0 = Debug|Any CPU
		{3B739E1A-5589-438C-ABC0-70325C0B0CD1}.Debug|x64.ActiveCfg = Debug|Any CPU
		{3B739E1A-5589-438C-ABC0-70325C0B0CD1}.Debug|x64.Build.0 = Debug|Any CPU
		{3B739E1A-5589-438C-ABC0-70325C0B0CD1}.Debug|x86.ActiveCfg = Debug|Any CPU
		{3B739E1A-5589-438C-ABC0-70325C0B0CD1}.Debug|x86.Build.0 = Debug|Any CPU
		{3B739E1A-5589-438C-ABC0-70325C0B0CD1}.Release|Any CPU.ActiveCfg = Release|Any CPU
		{3B739E1A-5589-438C-ABC0-70325C0B0CD1}.Release|Any CPU.Build.0 = Release|Any CPU
		{3B739E1A-5589-438C-ABC0-70325C0B0CD1}.Release|x64.ActiveCfg = Release|Any CPU
		{3B739E1A-5589-438C-ABC0-70325C0B0CD1}.Release|x64.Build.0 = Release|Any CPU
		{3B739E1A-5589-438C-ABC0-70325C0B0CD1}.Release|x86.ActiveCfg = Release|Any CPU
		{3B739E1A-5589-438C-ABC0-70325C0B0CD1}.Release|x86.Build.0 = Release|Any CPU
		{A6A32DA5-3DCB-4F35-B322-F56B148FF816}.Debug|Any CPU.ActiveCfg = Debug|Any CPU
		{A6A32DA5-3DCB-4F35-B322-F56B148FF816}.Debug|Any CPU.Build.0 = Debug|Any CPU
		{A6A32DA5-3DCB-4F35-B322-F56B148FF816}.Debug|x64.ActiveCfg = Debug|Any CPU
		{A6A32DA5-3DCB-4F35-B322-F56B148FF816}.Debug|x64.Build.0 = Debug|Any CPU
		{A6A32DA5-3DCB-4F35-B322-F56B148FF816}.Debug|x86.ActiveCfg = Debug|Any CPU
		{A6A32DA5-3DCB-4F35-B322-F56B148FF816}.Debug|x86.Build.0 = Debug|Any CPU
		{A6A32DA5-3DCB-4F35-B322-F56B148FF816}.Release|Any CPU.ActiveCfg = Release|Any CPU
		{A6A32DA5-3DCB-4F35-B322-F56B148FF816}.Release|Any CPU.Build.0 = Release|Any CPU
		{A6A32DA5-3DCB-4F35-B322-F56B148FF816}.Release|x64.ActiveCfg = Release|Any CPU
		{A6A32DA5-3DCB-4F35-B322-F56B148FF816}.Release|x64.Build.0 = Release|Any CPU
		{A6A32DA5-3DCB-4F35-B322-F56B148FF816}.Release|x86.ActiveCfg = Release|Any CPU
		{A6A32DA5-3DCB-4F35-B322-F56B148FF816}.Release|x86.Build.0 = Release|Any CPU
		{612FD986-295C-4A82-A4B8-41791A4580A0}.Debug|Any CPU.ActiveCfg = Debug|Any CPU
		{612FD986-295C-4A82-A4B8-41791A4580A0}.Debug|Any CPU.Build.0 = Debug|Any CPU
		{612FD986-295C-4A82-A4B8-41791A4580A0}.Debug|x64.ActiveCfg = Debug|Any CPU
		{612FD986-295C-4A82-A4B8-41791A4580A0}.Debug|x64.Build.0 = Debug|Any CPU
		{612FD986-295C-4A82-A4B8-41791A4580A0}.Debug|x86.ActiveCfg = Debug|Any CPU
		{612FD986-295C-4A82-A4B8-41791A4580A0}.Debug|x86.Build.0 = Debug|Any CPU
		{612FD986-295C-4A82-A4B8-41791A4580A0}.Release|Any CPU.ActiveCfg = Release|Any CPU
		{612FD986-295C-4A82-A4B8-41791A4580A0}.Release|Any CPU.Build.0 = Release|Any CPU
		{612FD986-295C-4A82-A4B8-41791A4580A0}.Release|x64.ActiveCfg = Release|Any CPU
		{612FD986-295C-4A82-A4B8-41791A4580A0}.Release|x64.Build.0 = Release|Any CPU
		{612FD986-295C-4A82-A4B8-41791A4580A0}.Release|x86.ActiveCfg = Release|Any CPU
		{612FD986-295C-4A82-A4B8-41791A4580A0}.Release|x86.Build.0 = Release|Any CPU
		{608A0BD3-E68F-4FA8-8369-141C6A27AFF4}.Debug|Any CPU.ActiveCfg = Debug|Any CPU
		{608A0BD3-E68F-4FA8-8369-141C6A27AFF4}.Debug|Any CPU.Build.0 = Debug|Any CPU
		{608A0BD3-E68F-4FA8-8369-141C6A27AFF4}.Debug|x64.ActiveCfg = Debug|Any CPU
		{608A0BD3-E68F-4FA8-8369-141C6A27AFF4}.Debug|x64.Build.0 = Debug|Any CPU
		{608A0BD3-E68F-4FA8-8369-141C6A27AFF4}.Debug|x86.ActiveCfg = Debug|Any CPU
		{608A0BD3-E68F-4FA8-8369-141C6A27AFF4}.Debug|x86.Build.0 = Debug|Any CPU
		{608A0BD3-E68F-4FA8-8369-141C6A27AFF4}.Release|Any CPU.ActiveCfg = Release|Any CPU
		{608A0BD3-E68F-4FA8-8369-141C6A27AFF4}.Release|Any CPU.Build.0 = Release|Any CPU
		{608A0BD3-E68F-4FA8-8369-141C6A27AFF4}.Release|x64.ActiveCfg = Release|Any CPU
		{608A0BD3-E68F-4FA8-8369-141C6A27AFF4}.Release|x64.Build.0 = Release|Any CPU
		{608A0BD3-E68F-4FA8-8369-141C6A27AFF4}.Release|x86.ActiveCfg = Release|Any CPU
		{608A0BD3-E68F-4FA8-8369-141C6A27AFF4}.Release|x86.Build.0 = Release|Any CPU
		{9DB61EC7-E2DF-4B34-BA7B-A1C5A27F0631}.Debug|Any CPU.ActiveCfg = Debug|Any CPU
		{9DB61EC7-E2DF-4B34-BA7B-A1C5A27F0631}.Debug|Any CPU.Build.0 = Debug|Any CPU
		{9DB61EC7-E2DF-4B34-BA7B-A1C5A27F0631}.Debug|x64.ActiveCfg = Debug|Any CPU
		{9DB61EC7-E2DF-4B34-BA7B-A1C5A27F0631}.Debug|x64.Build.0 = Debug|Any CPU
		{9DB61EC7-E2DF-4B34-BA7B-A1C5A27F0631}.Debug|x86.ActiveCfg = Debug|Any CPU
		{9DB61EC7-E2DF-4B34-BA7B-A1C5A27F0631}.Debug|x86.Build.0 = Debug|Any CPU
		{9DB61EC7-E2DF-4B34-BA7B-A1C5A27F0631}.Release|Any CPU.ActiveCfg = Release|Any CPU
		{9DB61EC7-E2DF-4B34-BA7B-A1C5A27F0631}.Release|Any CPU.Build.0 = Release|Any CPU
		{9DB61EC7-E2DF-4B34-BA7B-A1C5A27F0631}.Release|x64.ActiveCfg = Release|Any CPU
		{9DB61EC7-E2DF-4B34-BA7B-A1C5A27F0631}.Release|x64.Build.0 = Release|Any CPU
		{9DB61EC7-E2DF-4B34-BA7B-A1C5A27F0631}.Release|x86.ActiveCfg = Release|Any CPU
		{9DB61EC7-E2DF-4B34-BA7B-A1C5A27F0631}.Release|x86.Build.0 = Release|Any CPU
		{ABFE6591-8318-49D9-9957-237DC6C9A42A}.Debug|Any CPU.ActiveCfg = Debug|Any CPU
		{ABFE6591-8318-49D9-9957-237DC6C9A42A}.Debug|Any CPU.Build.0 = Debug|Any CPU
		{ABFE6591-8318-49D9-9957-237DC6C9A42A}.Debug|x64.ActiveCfg = Debug|Any CPU
		{ABFE6591-8318-49D9-9957-237DC6C9A42A}.Debug|x64.Build.0 = Debug|Any CPU
		{ABFE6591-8318-49D9-9957-237DC6C9A42A}.Debug|x86.ActiveCfg = Debug|Any CPU
		{ABFE6591-8318-49D9-9957-237DC6C9A42A}.Debug|x86.Build.0 = Debug|Any CPU
		{ABFE6591-8318-49D9-9957-237DC6C9A42A}.Release|Any CPU.ActiveCfg = Release|Any CPU
		{ABFE6591-8318-49D9-9957-237DC6C9A42A}.Release|Any CPU.Build.0 = Release|Any CPU
		{ABFE6591-8318-49D9-9957-237DC6C9A42A}.Release|x64.ActiveCfg = Release|Any CPU
		{ABFE6591-8318-49D9-9957-237DC6C9A42A}.Release|x64.Build.0 = Release|Any CPU
		{ABFE6591-8318-49D9-9957-237DC6C9A42A}.Release|x86.ActiveCfg = Release|Any CPU
		{ABFE6591-8318-49D9-9957-237DC6C9A42A}.Release|x86.Build.0 = Release|Any CPU
		{360E5D05-902C-4B4E-B013-C2C8F1EB9B99}.Debug|Any CPU.ActiveCfg = Debug|Any CPU
		{360E5D05-902C-4B4E-B013-C2C8F1EB9B99}.Debug|Any CPU.Build.0 = Debug|Any CPU
		{360E5D05-902C-4B4E-B013-C2C8F1EB9B99}.Debug|x64.ActiveCfg = Debug|Any CPU
		{360E5D05-902C-4B4E-B013-C2C8F1EB9B99}.Debug|x64.Build.0 = Debug|Any CPU
		{360E5D05-902C-4B4E-B013-C2C8F1EB9B99}.Debug|x86.ActiveCfg = Debug|Any CPU
		{360E5D05-902C-4B4E-B013-C2C8F1EB9B99}.Debug|x86.Build.0 = Debug|Any CPU
		{360E5D05-902C-4B4E-B013-C2C8F1EB9B99}.Release|Any CPU.ActiveCfg = Release|Any CPU
		{360E5D05-902C-4B4E-B013-C2C8F1EB9B99}.Release|Any CPU.Build.0 = Release|Any CPU
		{360E5D05-902C-4B4E-B013-C2C8F1EB9B99}.Release|x64.ActiveCfg = Release|Any CPU
		{360E5D05-902C-4B4E-B013-C2C8F1EB9B99}.Release|x64.Build.0 = Release|Any CPU
		{360E5D05-902C-4B4E-B013-C2C8F1EB9B99}.Release|x86.ActiveCfg = Release|Any CPU
		{360E5D05-902C-4B4E-B013-C2C8F1EB9B99}.Release|x86.Build.0 = Release|Any CPU
		{2611BD5E-7282-4893-A1A2-2652E851AEC6}.Debug|Any CPU.ActiveCfg = Debug|Any CPU
		{2611BD5E-7282-4893-A1A2-2652E851AEC6}.Debug|Any CPU.Build.0 = Debug|Any CPU
		{2611BD5E-7282-4893-A1A2-2652E851AEC6}.Debug|x64.ActiveCfg = Debug|Any CPU
		{2611BD5E-7282-4893-A1A2-2652E851AEC6}.Debug|x64.Build.0 = Debug|Any CPU
		{2611BD5E-7282-4893-A1A2-2652E851AEC6}.Debug|x86.ActiveCfg = Debug|Any CPU
		{2611BD5E-7282-4893-A1A2-2652E851AEC6}.Debug|x86.Build.0 = Debug|Any CPU
		{2611BD5E-7282-4893-A1A2-2652E851AEC6}.Release|Any CPU.ActiveCfg = Release|Any CPU
		{2611BD5E-7282-4893-A1A2-2652E851AEC6}.Release|Any CPU.Build.0 = Release|Any CPU
		{2611BD5E-7282-4893-A1A2-2652E851AEC6}.Release|x64.ActiveCfg = Release|Any CPU
		{2611BD5E-7282-4893-A1A2-2652E851AEC6}.Release|x64.Build.0 = Release|Any CPU
		{2611BD5E-7282-4893-A1A2-2652E851AEC6}.Release|x86.ActiveCfg = Release|Any CPU
		{2611BD5E-7282-4893-A1A2-2652E851AEC6}.Release|x86.Build.0 = Release|Any CPU
		{00AE8CE1-005E-49AD-A1EB-4A706A648405}.Debug|Any CPU.ActiveCfg = Debug|Any CPU
		{00AE8CE1-005E-49AD-A1EB-4A706A648405}.Debug|Any CPU.Build.0 = Debug|Any CPU
		{00AE8CE1-005E-49AD-A1EB-4A706A648405}.Debug|x64.ActiveCfg = Debug|Any CPU
		{00AE8CE1-005E-49AD-A1EB-4A706A648405}.Debug|x64.Build.0 = Debug|Any CPU
		{00AE8CE1-005E-49AD-A1EB-4A706A648405}.Debug|x86.ActiveCfg = Debug|Any CPU
		{00AE8CE1-005E-49AD-A1EB-4A706A648405}.Debug|x86.Build.0 = Debug|Any CPU
		{00AE8CE1-005E-49AD-A1EB-4A706A648405}.Release|Any CPU.ActiveCfg = Release|Any CPU
		{00AE8CE1-005E-49AD-A1EB-4A706A648405}.Release|Any CPU.Build.0 = Release|Any CPU
		{00AE8CE1-005E-49AD-A1EB-4A706A648405}.Release|x64.ActiveCfg = Release|Any CPU
		{00AE8CE1-005E-49AD-A1EB-4A706A648405}.Release|x64.Build.0 = Release|Any CPU
		{00AE8CE1-005E-49AD-A1EB-4A706A648405}.Release|x86.ActiveCfg = Release|Any CPU
		{00AE8CE1-005E-49AD-A1EB-4A706A648405}.Release|x86.Build.0 = Release|Any CPU
		{9FDEAF7C-6CDF-4E48-8C9C-AC3570638D41}.Debug|Any CPU.ActiveCfg = Debug|Any CPU
		{9FDEAF7C-6CDF-4E48-8C9C-AC3570638D41}.Debug|Any CPU.Build.0 = Debug|Any CPU
		{9FDEAF7C-6CDF-4E48-8C9C-AC3570638D41}.Debug|x64.ActiveCfg = Debug|Any CPU
		{9FDEAF7C-6CDF-4E48-8C9C-AC3570638D41}.Debug|x64.Build.0 = Debug|Any CPU
		{9FDEAF7C-6CDF-4E48-8C9C-AC3570638D41}.Debug|x86.ActiveCfg = Debug|Any CPU
		{9FDEAF7C-6CDF-4E48-8C9C-AC3570638D41}.Debug|x86.Build.0 = Debug|Any CPU
		{9FDEAF7C-6CDF-4E48-8C9C-AC3570638D41}.Release|Any CPU.ActiveCfg = Release|Any CPU
		{9FDEAF7C-6CDF-4E48-8C9C-AC3570638D41}.Release|Any CPU.Build.0 = Release|Any CPU
		{9FDEAF7C-6CDF-4E48-8C9C-AC3570638D41}.Release|x64.ActiveCfg = Release|Any CPU
		{9FDEAF7C-6CDF-4E48-8C9C-AC3570638D41}.Release|x64.Build.0 = Release|Any CPU
		{9FDEAF7C-6CDF-4E48-8C9C-AC3570638D41}.Release|x86.ActiveCfg = Release|Any CPU
		{9FDEAF7C-6CDF-4E48-8C9C-AC3570638D41}.Release|x86.Build.0 = Release|Any CPU
		{AB7DD529-DC07-4510-8079-5C7C1B7A531A}.Debug|Any CPU.ActiveCfg = Debug|Any CPU
		{AB7DD529-DC07-4510-8079-5C7C1B7A531A}.Debug|Any CPU.Build.0 = Debug|Any CPU
		{AB7DD529-DC07-4510-8079-5C7C1B7A531A}.Debug|x64.ActiveCfg = Debug|Any CPU
		{AB7DD529-DC07-4510-8079-5C7C1B7A531A}.Debug|x64.Build.0 = Debug|Any CPU
		{AB7DD529-DC07-4510-8079-5C7C1B7A531A}.Debug|x86.ActiveCfg = Debug|Any CPU
		{AB7DD529-DC07-4510-8079-5C7C1B7A531A}.Debug|x86.Build.0 = Debug|Any CPU
		{AB7DD529-DC07-4510-8079-5C7C1B7A531A}.Release|Any CPU.ActiveCfg = Release|Any CPU
		{AB7DD529-DC07-4510-8079-5C7C1B7A531A}.Release|Any CPU.Build.0 = Release|Any CPU
		{AB7DD529-DC07-4510-8079-5C7C1B7A531A}.Release|x64.ActiveCfg = Release|Any CPU
		{AB7DD529-DC07-4510-8079-5C7C1B7A531A}.Release|x64.Build.0 = Release|Any CPU
		{AB7DD529-DC07-4510-8079-5C7C1B7A531A}.Release|x86.ActiveCfg = Release|Any CPU
		{AB7DD529-DC07-4510-8079-5C7C1B7A531A}.Release|x86.Build.0 = Release|Any CPU
	EndGlobalSection
	GlobalSection(SolutionProperties) = preSolution
		HideSolutionNode = FALSE
	EndGlobalSection
	GlobalSection(NestedProjects) = preSolution
		{D3C8E358-87C9-4A15-9946-D741A2C85A1F} = {7226ABEA-787E-1D09-10EA-A2ECF996D6A6}
		{B885E719-595B-45F7-83ED-E4EF76B55412} = {7226ABEA-787E-1D09-10EA-A2ECF996D6A6}
		{07389731-BD0F-4FB6-8E9F-0DDFC59EF60C} = {7226ABEA-787E-1D09-10EA-A2ECF996D6A6}
		{DF73CED9-7B5C-4C4C-839A-2C04C6786416} = {7226ABEA-787E-1D09-10EA-A2ECF996D6A6}
		{35CE9C95-08D4-4D9B-AFD1-E8A2A0655D85} = {7226ABEA-787E-1D09-10EA-A2ECF996D6A6}
		{411DFB0B-AFF0-4CA7-89A5-3B9D7CD71E49} = {7226ABEA-787E-1D09-10EA-A2ECF996D6A6}
		{0875FE49-EC9E-494A-8CDD-D0ECC474436C} = {827E0CD3-B72D-47B6-A68D-7590B98EB39B}
		{6E36B8FF-1B0A-4588-B7AC-E48C496BD58A} = {827E0CD3-B72D-47B6-A68D-7590B98EB39B}
		{7D4E0131-006E-4FA3-9A67-46E8F4BE9DA0} = {827E0CD3-B72D-47B6-A68D-7590B98EB39B}
		{4EB5B420-69F7-4E5E-91F9-90E317D94D36} = {827E0CD3-B72D-47B6-A68D-7590B98EB39B}
		{65632EFF-44E1-43A3-864B-68ACDB9C613E} = {827E0CD3-B72D-47B6-A68D-7590B98EB39B}
		{A1A51AE9-9886-4943-A436-5EE0D5FB9E47} = {827E0CD3-B72D-47B6-A68D-7590B98EB39B}
		{42D767C2-C688-403F-AA1F-51E100E57E6D} = {827E0CD3-B72D-47B6-A68D-7590B98EB39B}
		{3B739E1A-5589-438C-ABC0-70325C0B0CD1} = {827E0CD3-B72D-47B6-A68D-7590B98EB39B}
		{A6A32DA5-3DCB-4F35-B322-F56B148FF816} = {827E0CD3-B72D-47B6-A68D-7590B98EB39B}
		{612FD986-295C-4A82-A4B8-41791A4580A0} = {827E0CD3-B72D-47B6-A68D-7590B98EB39B}
		{608A0BD3-E68F-4FA8-8369-141C6A27AFF4} = {827E0CD3-B72D-47B6-A68D-7590B98EB39B}
		{9DB61EC7-E2DF-4B34-BA7B-A1C5A27F0631} = {827E0CD3-B72D-47B6-A68D-7590B98EB39B}
		{ABFE6591-8318-49D9-9957-237DC6C9A42A} = {827E0CD3-B72D-47B6-A68D-7590B98EB39B}
		{360E5D05-902C-4B4E-B013-C2C8F1EB9B99} = {827E0CD3-B72D-47B6-A68D-7590B98EB39B}
		{2611BD5E-7282-4893-A1A2-2652E851AEC6} = {0C88DD14-F956-CE84-757C-A364CCF449FC}
		{00AE8CE1-005E-49AD-A1EB-4A706A648405} = {0C88DD14-F956-CE84-757C-A364CCF449FC}
		{9FDEAF7C-6CDF-4E48-8C9C-AC3570638D41} = {0C88DD14-F956-CE84-757C-A364CCF449FC}
		{AB7DD529-DC07-4510-8079-5C7C1B7A531A} = {0C88DD14-F956-CE84-757C-A364CCF449FC}
	EndGlobalSection
EndGlobal
